// !$*UTF8*$!
{
	archiveVersion = 1;
	classes = {
	};
	objectVersion = 46;
	objects = {

/* Begin PBXBuildFile section */
		090AB8E91BA5BFDF00CDB05D /* Assets.xcassets in Resources */ = {isa = PBXBuildFile; fileRef = 090AB8E81BA5BFDF00CDB05D /* Assets.xcassets */; };
		090AB8FD1BA616A900CDB05D /* TwitchApi.swift in Sources */ = {isa = PBXBuildFile; fileRef = 090AB8F11BA5C80700CDB05D /* TwitchApi.swift */; };
		090AB8FE1BA616A900CDB05D /* TwitchGame.swift in Sources */ = {isa = PBXBuildFile; fileRef = 090AB8F71BA5F56900CDB05D /* TwitchGame.swift */; };
		090AB8FF1BA616A900CDB05D /* TwitchChannel.swift in Sources */ = {isa = PBXBuildFile; fileRef = 090AB8FB1BA6049000CDB05D /* TwitchChannel.swift */; };
		090AB9001BA616A900CDB05D /* TwitchStream.swift in Sources */ = {isa = PBXBuildFile; fileRef = 090AB8F91BA5FEB800CDB05D /* TwitchStream.swift */; };
		090AB9011BA616A900CDB05D /* TwitchStreamVideo.swift in Sources */ = {isa = PBXBuildFile; fileRef = 090AB8F51BA5DD6300CDB05D /* TwitchStreamVideo.swift */; };
		090AB9021BA616A900CDB05D /* M3UParser.swift in Sources */ = {isa = PBXBuildFile; fileRef = 090AB8F31BA5DA1400CDB05D /* M3UParser.swift */; };
		090AB9031BA616A900CDB05D /* AppDelegate.swift in Sources */ = {isa = PBXBuildFile; fileRef = 090AB8E11BA5BFDF00CDB05D /* AppDelegate.swift */; };
		090AB9041BA616A900CDB05D /* GamesViewController.swift in Sources */ = {isa = PBXBuildFile; fileRef = 090AB8E31BA5BFDF00CDB05D /* GamesViewController.swift */; };
		090AB9091BA8454500CDB05D /* TopBarView.swift in Sources */ = {isa = PBXBuildFile; fileRef = 090AB9081BA8454500CDB05D /* TopBarView.swift */; };
		090AB90D1BA9B0F100CDB05D /* LoadingView.swift in Sources */ = {isa = PBXBuildFile; fileRef = 090AB90C1BA9B0F100CDB05D /* LoadingView.swift */; };
		090AB90F1BA9BBE300CDB05D /* ErrorView.swift in Sources */ = {isa = PBXBuildFile; fileRef = 090AB90E1BA9BBE300CDB05D /* ErrorView.swift */; };
		090AB9221BB3699700CDB05D /* TwitchChatView.swift in Sources */ = {isa = PBXBuildFile; fileRef = 090AB9211BB3699700CDB05D /* TwitchChatView.swift */; };
		090AB9241BB36BC100CDB05D /* TwitchChatMessageView.swift in Sources */ = {isa = PBXBuildFile; fileRef = 090AB9231BB36BC100CDB05D /* TwitchChatMessageView.swift */; };
		090AB9271BB579A300CDB05D /* ModalMenuView.swift in Sources */ = {isa = PBXBuildFile; fileRef = 090AB9261BB579A300CDB05D /* ModalMenuView.swift */; };
		09199A1D1BBAC67F00B10543 /* LoadingViewController.swift in Sources */ = {isa = PBXBuildFile; fileRef = 09199A1C1BBAC67F00B10543 /* LoadingViewController.swift */; };
		09CE597F1BAE08B10054EB71 /* IRCHandler.swift in Sources */ = {isa = PBXBuildFile; fileRef = 09CE597E1BAE08B10054EB71 /* IRCHandler.swift */; };
		09CE59821BAE15280054EB71 /* TwitchChatHandler.swift in Sources */ = {isa = PBXBuildFile; fileRef = 09CE59811BAE15280054EB71 /* TwitchChatHandler.swift */; };
		09CE59861BAF55BD0054EB71 /* TwitchChatMessage.swift in Sources */ = {isa = PBXBuildFile; fileRef = 09CE59851BAF55BD0054EB71 /* TwitchChatMessage.swift */; };
		09CE59881BAF55CE0054EB71 /* TwitchChatMessageQueue.swift in Sources */ = {isa = PBXBuildFile; fileRef = 09CE59871BAF55CE0054EB71 /* TwitchChatMessageQueue.swift */; };
		09CE598A1BAF5F870054EB71 /* NSQueue.swift in Sources */ = {isa = PBXBuildFile; fileRef = 09CE59891BAF5F870054EB71 /* NSQueue.swift */; };
		09CE598C1BAF963C0054EB71 /* ConcurrencyHelpers.swift in Sources */ = {isa = PBXBuildFile; fileRef = 09CE598B1BAF963C0054EB71 /* ConcurrencyHelpers.swift */; };
		09D098251BA7666200E7E6FC /* StreamsViewController.swift in Sources */ = {isa = PBXBuildFile; fileRef = 09D098241BA7666200E7E6FC /* StreamsViewController.swift */; };
		09D098291BA77FAB00E7E6FC /* VideoViewController.swift in Sources */ = {isa = PBXBuildFile; fileRef = 09D098281BA77FAB00E7E6FC /* VideoViewController.swift */; };
		09D0982B1BA782C800E7E6FC /* VideoView.swift in Sources */ = {isa = PBXBuildFile; fileRef = 09D0982A1BA782C800E7E6FC /* VideoView.swift */; };
		09E33CC91BB5B2DF000702E2 /* Dictionary.swift in Sources */ = {isa = PBXBuildFile; fileRef = 09E33CC81BB5B2DF000702E2 /* Dictionary.swift */; };
		09EB6D3E1BB484F7003EB244 /* String.swift in Sources */ = {isa = PBXBuildFile; fileRef = 09EB6D3D1BB484F7003EB244 /* String.swift */; };
		09EB6D461BB4A8BE003EB244 /* CATextLayerVC.swift in Sources */ = {isa = PBXBuildFile; fileRef = 09EB6D451BB4A8BE003EB244 /* CATextLayerVC.swift */; };
		A5E7DC008D2754CA1EC6CFC5 /* Pods_GamingStreamsTVApp.framework in Frameworks */ = {isa = PBXBuildFile; fileRef = 73B61525F92468AED0A0EE8C /* Pods_GamingStreamsTVApp.framework */; };
		B44A44671BC6CAB800F399EC /* ItemCellView.swift in Sources */ = {isa = PBXBuildFile; fileRef = B44A44661BC6CAB800F399EC /* ItemCellView.swift */; };
		B4A67BBC1BCBDF8B003E3B6F /* UIColor.swift in Sources */ = {isa = PBXBuildFile; fileRef = B4A67BBB1BCBDF8B003E3B6F /* UIColor.swift */; };
		B4A67BBE1BCBE4CB003E3B6F /* SearchResultsViewController.swift in Sources */ = {isa = PBXBuildFile; fileRef = B4A67BBD1BCBE4CB003E3B6F /* SearchResultsViewController.swift */; };
/* End PBXBuildFile section */

/* Begin PBXCopyFilesBuildPhase section */
		09CE597D1BADBBC70054EB71 /* Embed Frameworks */ = {
			isa = PBXCopyFilesBuildPhase;
			buildActionMask = 2147483647;
			dstPath = "";
			dstSubfolderSpec = 10;
			files = (
			);
			name = "Embed Frameworks";
			runOnlyForDeploymentPostprocessing = 0;
		};
/* End PBXCopyFilesBuildPhase section */

/* Begin PBXFileReference section */
		090AB8DE1BA5BFDF00CDB05D /* GamingStreamsTVApp.app */ = {isa = PBXFileReference; explicitFileType = wrapper.application; includeInIndex = 0; path = GamingStreamsTVApp.app; sourceTree = BUILT_PRODUCTS_DIR; };
		090AB8E11BA5BFDF00CDB05D /* AppDelegate.swift */ = {isa = PBXFileReference; lastKnownFileType = sourcecode.swift; path = AppDelegate.swift; sourceTree = "<group>"; };
		090AB8E31BA5BFDF00CDB05D /* GamesViewController.swift */ = {isa = PBXFileReference; lastKnownFileType = sourcecode.swift; path = GamesViewController.swift; sourceTree = "<group>"; };
		090AB8E81BA5BFDF00CDB05D /* Assets.xcassets */ = {isa = PBXFileReference; lastKnownFileType = folder.assetcatalog; path = Assets.xcassets; sourceTree = "<group>"; };
		090AB8EA1BA5BFDF00CDB05D /* Info.plist */ = {isa = PBXFileReference; lastKnownFileType = text.plist.xml; path = Info.plist; sourceTree = "<group>"; };
		090AB8F11BA5C80700CDB05D /* TwitchApi.swift */ = {isa = PBXFileReference; fileEncoding = 4; lastKnownFileType = sourcecode.swift; path = TwitchApi.swift; sourceTree = "<group>"; };
		090AB8F31BA5DA1400CDB05D /* M3UParser.swift */ = {isa = PBXFileReference; fileEncoding = 4; lastKnownFileType = sourcecode.swift; path = M3UParser.swift; sourceTree = "<group>"; };
		090AB8F51BA5DD6300CDB05D /* TwitchStreamVideo.swift */ = {isa = PBXFileReference; fileEncoding = 4; lastKnownFileType = sourcecode.swift; path = TwitchStreamVideo.swift; sourceTree = "<group>"; };
		090AB8F71BA5F56900CDB05D /* TwitchGame.swift */ = {isa = PBXFileReference; fileEncoding = 4; lastKnownFileType = sourcecode.swift; path = TwitchGame.swift; sourceTree = "<group>"; };
		090AB8F91BA5FEB800CDB05D /* TwitchStream.swift */ = {isa = PBXFileReference; fileEncoding = 4; lastKnownFileType = sourcecode.swift; path = TwitchStream.swift; sourceTree = "<group>"; };
		090AB8FB1BA6049000CDB05D /* TwitchChannel.swift */ = {isa = PBXFileReference; fileEncoding = 4; lastKnownFileType = sourcecode.swift; path = TwitchChannel.swift; sourceTree = "<group>"; };
		090AB9081BA8454500CDB05D /* TopBarView.swift */ = {isa = PBXFileReference; fileEncoding = 4; lastKnownFileType = sourcecode.swift; path = TopBarView.swift; sourceTree = "<group>"; };
		090AB90C1BA9B0F100CDB05D /* LoadingView.swift */ = {isa = PBXFileReference; fileEncoding = 4; lastKnownFileType = sourcecode.swift; path = LoadingView.swift; sourceTree = "<group>"; };
		090AB90E1BA9BBE300CDB05D /* ErrorView.swift */ = {isa = PBXFileReference; fileEncoding = 4; lastKnownFileType = sourcecode.swift; path = ErrorView.swift; sourceTree = "<group>"; };
		090AB9211BB3699700CDB05D /* TwitchChatView.swift */ = {isa = PBXFileReference; fileEncoding = 4; lastKnownFileType = sourcecode.swift; path = TwitchChatView.swift; sourceTree = "<group>"; };
		090AB9231BB36BC100CDB05D /* TwitchChatMessageView.swift */ = {isa = PBXFileReference; fileEncoding = 4; lastKnownFileType = sourcecode.swift; path = TwitchChatMessageView.swift; sourceTree = "<group>"; };
		090AB9261BB579A300CDB05D /* ModalMenuView.swift */ = {isa = PBXFileReference; fileEncoding = 4; lastKnownFileType = sourcecode.swift; path = ModalMenuView.swift; sourceTree = "<group>"; };
		09199A1C1BBAC67F00B10543 /* LoadingViewController.swift */ = {isa = PBXFileReference; fileEncoding = 4; lastKnownFileType = sourcecode.swift; path = LoadingViewController.swift; sourceTree = "<group>"; };
		09CE597E1BAE08B10054EB71 /* IRCHandler.swift */ = {isa = PBXFileReference; fileEncoding = 4; lastKnownFileType = sourcecode.swift; path = IRCHandler.swift; sourceTree = "<group>"; };
		09CE59811BAE15280054EB71 /* TwitchChatHandler.swift */ = {isa = PBXFileReference; fileEncoding = 4; lastKnownFileType = sourcecode.swift; path = TwitchChatHandler.swift; sourceTree = "<group>"; };
		09CE59851BAF55BD0054EB71 /* TwitchChatMessage.swift */ = {isa = PBXFileReference; fileEncoding = 4; lastKnownFileType = sourcecode.swift; path = TwitchChatMessage.swift; sourceTree = "<group>"; };
		09CE59871BAF55CE0054EB71 /* TwitchChatMessageQueue.swift */ = {isa = PBXFileReference; fileEncoding = 4; lastKnownFileType = sourcecode.swift; path = TwitchChatMessageQueue.swift; sourceTree = "<group>"; };
		09CE59891BAF5F870054EB71 /* NSQueue.swift */ = {isa = PBXFileReference; fileEncoding = 4; lastKnownFileType = sourcecode.swift; path = NSQueue.swift; sourceTree = "<group>"; };
		09CE598B1BAF963C0054EB71 /* ConcurrencyHelpers.swift */ = {isa = PBXFileReference; fileEncoding = 4; lastKnownFileType = sourcecode.swift; path = ConcurrencyHelpers.swift; sourceTree = "<group>"; };
		09D098241BA7666200E7E6FC /* StreamsViewController.swift */ = {isa = PBXFileReference; fileEncoding = 4; lastKnownFileType = sourcecode.swift; path = StreamsViewController.swift; sourceTree = "<group>"; };
		09D098281BA77FAB00E7E6FC /* VideoViewController.swift */ = {isa = PBXFileReference; fileEncoding = 4; lastKnownFileType = sourcecode.swift; path = VideoViewController.swift; sourceTree = "<group>"; };
		09D0982A1BA782C800E7E6FC /* VideoView.swift */ = {isa = PBXFileReference; fileEncoding = 4; lastKnownFileType = sourcecode.swift; path = VideoView.swift; sourceTree = "<group>"; };
		09E33CC81BB5B2DF000702E2 /* Dictionary.swift */ = {isa = PBXFileReference; fileEncoding = 4; lastKnownFileType = sourcecode.swift; path = Dictionary.swift; sourceTree = "<group>"; };
		09EB6D3D1BB484F7003EB244 /* String.swift */ = {isa = PBXFileReference; fileEncoding = 4; lastKnownFileType = sourcecode.swift; path = String.swift; sourceTree = "<group>"; };
		09EB6D451BB4A8BE003EB244 /* CATextLayerVC.swift */ = {isa = PBXFileReference; fileEncoding = 4; lastKnownFileType = sourcecode.swift; path = CATextLayerVC.swift; sourceTree = "<group>"; };
		73B61525F92468AED0A0EE8C /* Pods_GamingStreamsTVApp.framework */ = {isa = PBXFileReference; explicitFileType = wrapper.framework; includeInIndex = 0; path = Pods_GamingStreamsTVApp.framework; sourceTree = BUILT_PRODUCTS_DIR; };
		90FBC40A14CD24160B58953A /* Pods-GamingStreamsTVApp.release.xcconfig */ = {isa = PBXFileReference; includeInIndex = 1; lastKnownFileType = text.xcconfig; name = "Pods-GamingStreamsTVApp.release.xcconfig"; path = "Pods/Target Support Files/Pods-GamingStreamsTVApp/Pods-GamingStreamsTVApp.release.xcconfig"; sourceTree = "<group>"; };
		B44A44661BC6CAB800F399EC /* ItemCellView.swift */ = {isa = PBXFileReference; fileEncoding = 4; lastKnownFileType = sourcecode.swift; path = ItemCellView.swift; sourceTree = "<group>"; };
		B4A67BBB1BCBDF8B003E3B6F /* UIColor.swift */ = {isa = PBXFileReference; fileEncoding = 4; lastKnownFileType = sourcecode.swift; path = UIColor.swift; sourceTree = "<group>"; };
		B4A67BBD1BCBE4CB003E3B6F /* SearchResultsViewController.swift */ = {isa = PBXFileReference; fileEncoding = 4; lastKnownFileType = sourcecode.swift; path = SearchResultsViewController.swift; sourceTree = "<group>"; };
		DC2A8ED48462858490AD4901 /* Pods-GamingStreamsTVApp.debug.xcconfig */ = {isa = PBXFileReference; includeInIndex = 1; lastKnownFileType = text.xcconfig; name = "Pods-GamingStreamsTVApp.debug.xcconfig"; path = "Pods/Target Support Files/Pods-GamingStreamsTVApp/Pods-GamingStreamsTVApp.debug.xcconfig"; sourceTree = "<group>"; };
/* End PBXFileReference section */

/* Begin PBXFrameworksBuildPhase section */
		090AB8DB1BA5BFDF00CDB05D /* Frameworks */ = {
			isa = PBXFrameworksBuildPhase;
			buildActionMask = 2147483647;
			files = (
				A5E7DC008D2754CA1EC6CFC5 /* Pods_GamingStreamsTVApp.framework in Frameworks */,
			);
			runOnlyForDeploymentPostprocessing = 0;
		};
/* End PBXFrameworksBuildPhase section */

/* Begin PBXGroup section */
		090AB8D51BA5BFDF00CDB05D = {
			isa = PBXGroup;
			children = (
				090AB8E01BA5BFDF00CDB05D /* GamingStreamsTVApp */,
				090AB8DF1BA5BFDF00CDB05D /* Products */,
				F869E16742CCA364171847D9 /* Pods */,
				334A70E19B5807FD4AAD28B4 /* Frameworks */,
			);
			sourceTree = "<group>";
		};
		090AB8DF1BA5BFDF00CDB05D /* Products */ = {
			isa = PBXGroup;
			children = (
				090AB8DE1BA5BFDF00CDB05D /* GamingStreamsTVApp.app */,
			);
			name = Products;
			sourceTree = "<group>";
		};
		090AB8E01BA5BFDF00CDB05D /* GamingStreamsTVApp */ = {
			isa = PBXGroup;
			children = (
				09D098231BA7663A00E7E6FC /* ViewControllers */,
				090AB9051BA6366500CDB05D /* Views */,
				090AB8F01BA5C7EC00CDB05D /* TwitchAPI */,
				09CE59831BAE456D0054EB71 /* Helpers */,
				090AB8E11BA5BFDF00CDB05D /* AppDelegate.swift */,
				090AB8E81BA5BFDF00CDB05D /* Assets.xcassets */,
				090AB8EA1BA5BFDF00CDB05D /* Info.plist */,
			);
			path = GamingStreamsTVApp;
			sourceTree = "<group>";
		};
		090AB8F01BA5C7EC00CDB05D /* TwitchAPI */ = {
			isa = PBXGroup;
			children = (
				090AB8F11BA5C80700CDB05D /* TwitchApi.swift */,
				090AB8F71BA5F56900CDB05D /* TwitchGame.swift */,
				090AB8FB1BA6049000CDB05D /* TwitchChannel.swift */,
				090AB8F91BA5FEB800CDB05D /* TwitchStream.swift */,
				090AB8F51BA5DD6300CDB05D /* TwitchStreamVideo.swift */,
				09CE59841BAF559D0054EB71 /* Chat */,
			);
			name = TwitchAPI;
			path = ../GamingStreamsTVApp;
			sourceTree = "<group>";
		};
		090AB9051BA6366500CDB05D /* Views */ = {
			isa = PBXGroup;
			children = (
				B44A44661BC6CAB800F399EC /* ItemCellView.swift */,
				09D0982A1BA782C800E7E6FC /* VideoView.swift */,
				090AB9081BA8454500CDB05D /* TopBarView.swift */,
				090AB90C1BA9B0F100CDB05D /* LoadingView.swift */,
				090AB90E1BA9BBE300CDB05D /* ErrorView.swift */,
				090AB9261BB579A300CDB05D /* ModalMenuView.swift */,
			);
			name = Views;
			sourceTree = "<group>";
		};
		090AB91A1BB3698800CDB05D /* Views */ = {
			isa = PBXGroup;
			children = (
				090AB9211BB3699700CDB05D /* TwitchChatView.swift */,
				090AB9231BB36BC100CDB05D /* TwitchChatMessageView.swift */,
			);
			name = Views;
			sourceTree = "<group>";
		};
		09199A1B1BBABC9100B10543 /* Extensions */ = {
			isa = PBXGroup;
			children = (
				09EB6D3D1BB484F7003EB244 /* String.swift */,
				09E33CC81BB5B2DF000702E2 /* Dictionary.swift */,
				B4A67BBB1BCBDF8B003E3B6F /* UIColor.swift */,
			);
			name = Extensions;
			sourceTree = "<group>";
		};
		09199A1E1BBAD0D000B10543 /* Abstract */ = {
			isa = PBXGroup;
			children = (
				09199A1C1BBAC67F00B10543 /* LoadingViewController.swift */,
			);
			name = Abstract;
			sourceTree = "<group>";
		};
		09CE59831BAE456D0054EB71 /* Helpers */ = {
			isa = PBXGroup;
			children = (
				09CE597E1BAE08B10054EB71 /* IRCHandler.swift */,
				090AB8F31BA5DA1400CDB05D /* M3UParser.swift */,
				09CE59891BAF5F870054EB71 /* NSQueue.swift */,
				09CE598B1BAF963C0054EB71 /* ConcurrencyHelpers.swift */,
				09EB6D451BB4A8BE003EB244 /* CATextLayerVC.swift */,
				09199A1B1BBABC9100B10543 /* Extensions */,
			);
			name = Helpers;
			sourceTree = "<group>";
		};
		09CE59841BAF559D0054EB71 /* Chat */ = {
			isa = PBXGroup;
			children = (
				09CE59811BAE15280054EB71 /* TwitchChatHandler.swift */,
				09CE59851BAF55BD0054EB71 /* TwitchChatMessage.swift */,
				09CE59871BAF55CE0054EB71 /* TwitchChatMessageQueue.swift */,
				090AB91A1BB3698800CDB05D /* Views */,
			);
			name = Chat;
			sourceTree = "<group>";
		};
		09D098231BA7663A00E7E6FC /* ViewControllers */ = {
			isa = PBXGroup;
			children = (
				090AB8E31BA5BFDF00CDB05D /* GamesViewController.swift */,
				09D098241BA7666200E7E6FC /* StreamsViewController.swift */,
				B4A67BBD1BCBE4CB003E3B6F /* SearchResultsViewController.swift */,
				09D098281BA77FAB00E7E6FC /* VideoViewController.swift */,
				09199A1E1BBAD0D000B10543 /* Abstract */,
			);
			name = ViewControllers;
			sourceTree = "<group>";
		};
		334A70E19B5807FD4AAD28B4 /* Frameworks */ = {
			isa = PBXGroup;
			children = (
				73B61525F92468AED0A0EE8C /* Pods_GamingStreamsTVApp.framework */,
			);
			name = Frameworks;
			sourceTree = "<group>";
		};
		F869E16742CCA364171847D9 /* Pods */ = {
			isa = PBXGroup;
			children = (
				DC2A8ED48462858490AD4901 /* Pods-GamingStreamsTVApp.debug.xcconfig */,
				90FBC40A14CD24160B58953A /* Pods-GamingStreamsTVApp.release.xcconfig */,
			);
			name = Pods;
			sourceTree = "<group>";
		};
/* End PBXGroup section */

/* Begin PBXNativeTarget section */
		090AB8DD1BA5BFDF00CDB05D /* GamingStreamsTVApp */ = {
			isa = PBXNativeTarget;
			buildConfigurationList = 090AB8ED1BA5BFDF00CDB05D /* Build configuration list for PBXNativeTarget "GamingStreamsTVApp" */;
			buildPhases = (
				39804CB7D1311A3FA2A181BA /* Check Pods Manifest.lock */,
				090AB8DA1BA5BFDF00CDB05D /* Sources */,
				090AB8DB1BA5BFDF00CDB05D /* Frameworks */,
				090AB8DC1BA5BFDF00CDB05D /* Resources */,
				09CE597D1BADBBC70054EB71 /* Embed Frameworks */,
				131F8F609B16A3B14577C607 /* Embed Pods Frameworks */,
				009BD9E886A883AA569B636A /* Copy Pods Resources */,
			);
			buildRules = (
			);
			dependencies = (
			);
			name = GamingStreamsTVApp;
			productName = TestTVApp;
			productReference = 090AB8DE1BA5BFDF00CDB05D /* GamingStreamsTVApp.app */;
			productType = "com.apple.product-type.application";
		};
/* End PBXNativeTarget section */

/* Begin PBXProject section */
		090AB8D61BA5BFDF00CDB05D /* Project object */ = {
			isa = PBXProject;
			attributes = {
				LastUpgradeCheck = 0710;
				ORGANIZATIONNAME = "Rivus Media Inc";
				TargetAttributes = {
					090AB8DD1BA5BFDF00CDB05D = {
						CreatedOnToolsVersion = 7.1;
					};
				};
			};
			buildConfigurationList = 090AB8D91BA5BFDF00CDB05D /* Build configuration list for PBXProject "GamingStreamsTVApp" */;
			compatibilityVersion = "Xcode 3.2";
			developmentRegion = English;
			hasScannedForEncodings = 0;
			knownRegions = (
				en,
				Base,
			);
			mainGroup = 090AB8D51BA5BFDF00CDB05D;
			productRefGroup = 090AB8DF1BA5BFDF00CDB05D /* Products */;
			projectDirPath = "";
			projectRoot = "";
			targets = (
				090AB8DD1BA5BFDF00CDB05D /* GamingStreamsTVApp */,
			);
		};
/* End PBXProject section */

/* Begin PBXResourcesBuildPhase section */
		090AB8DC1BA5BFDF00CDB05D /* Resources */ = {
			isa = PBXResourcesBuildPhase;
			buildActionMask = 2147483647;
			files = (
				090AB8E91BA5BFDF00CDB05D /* Assets.xcassets in Resources */,
			);
			runOnlyForDeploymentPostprocessing = 0;
		};
/* End PBXResourcesBuildPhase section */

/* Begin PBXShellScriptBuildPhase section */
		009BD9E886A883AA569B636A /* Copy Pods Resources */ = {
			isa = PBXShellScriptBuildPhase;
			buildActionMask = 2147483647;
			files = (
			);
			inputPaths = (
			);
			name = "Copy Pods Resources";
			outputPaths = (
			);
			runOnlyForDeploymentPostprocessing = 0;
			shellPath = /bin/sh;
			shellScript = "\"${SRCROOT}/Pods/Target Support Files/Pods-GamingStreamsTVApp/Pods-GamingStreamsTVApp-resources.sh\"\n";
			showEnvVarsInLog = 0;
		};
		131F8F609B16A3B14577C607 /* Embed Pods Frameworks */ = {
			isa = PBXShellScriptBuildPhase;
			buildActionMask = 2147483647;
			files = (
			);
			inputPaths = (
			);
			name = "Embed Pods Frameworks";
			outputPaths = (
			);
			runOnlyForDeploymentPostprocessing = 0;
			shellPath = /bin/sh;
			shellScript = "\"${SRCROOT}/Pods/Target Support Files/Pods-GamingStreamsTVApp/Pods-GamingStreamsTVApp-frameworks.sh\"\n";
			showEnvVarsInLog = 0;
		};
		39804CB7D1311A3FA2A181BA /* Check Pods Manifest.lock */ = {
			isa = PBXShellScriptBuildPhase;
			buildActionMask = 2147483647;
			files = (
			);
			inputPaths = (
			);
			name = "Check Pods Manifest.lock";
			outputPaths = (
			);
			runOnlyForDeploymentPostprocessing = 0;
			shellPath = /bin/sh;
			shellScript = "diff \"${PODS_ROOT}/../Podfile.lock\" \"${PODS_ROOT}/Manifest.lock\" > /dev/null\nif [[ $? != 0 ]] ; then\n    cat << EOM\nerror: The sandbox is not in sync with the Podfile.lock. Run 'pod install' or update your CocoaPods installation.\nEOM\n    exit 1\nfi\n";
			showEnvVarsInLog = 0;
		};
/* End PBXShellScriptBuildPhase section */

/* Begin PBXSourcesBuildPhase section */
		090AB8DA1BA5BFDF00CDB05D /* Sources */ = {
			isa = PBXSourcesBuildPhase;
			buildActionMask = 2147483647;
			files = (
				090AB8FD1BA616A900CDB05D /* TwitchApi.swift in Sources */,
				090AB8FE1BA616A900CDB05D /* TwitchGame.swift in Sources */,
				09D098291BA77FAB00E7E6FC /* VideoViewController.swift in Sources */,
				090AB9271BB579A300CDB05D /* ModalMenuView.swift in Sources */,
				B4A67BBC1BCBDF8B003E3B6F /* UIColor.swift in Sources */,
				090AB8FF1BA616A900CDB05D /* TwitchChannel.swift in Sources */,
				090AB90F1BA9BBE300CDB05D /* ErrorView.swift in Sources */,
				090AB9091BA8454500CDB05D /* TopBarView.swift in Sources */,
				090AB90D1BA9B0F100CDB05D /* LoadingView.swift in Sources */,
				09CE59821BAE15280054EB71 /* TwitchChatHandler.swift in Sources */,
				09CE597F1BAE08B10054EB71 /* IRCHandler.swift in Sources */,
				09CE59881BAF55CE0054EB71 /* TwitchChatMessageQueue.swift in Sources */,
				090AB9241BB36BC100CDB05D /* TwitchChatMessageView.swift in Sources */,
				090AB9001BA616A900CDB05D /* TwitchStream.swift in Sources */,
				09CE598A1BAF5F870054EB71 /* NSQueue.swift in Sources */,
				09EB6D3E1BB484F7003EB244 /* String.swift in Sources */,
				09EB6D461BB4A8BE003EB244 /* CATextLayerVC.swift in Sources */,
				09199A1D1BBAC67F00B10543 /* LoadingViewController.swift in Sources */,
				090AB9221BB3699700CDB05D /* TwitchChatView.swift in Sources */,
				B4A67BBE1BCBE4CB003E3B6F /* SearchResultsViewController.swift in Sources */,
				090AB9011BA616A900CDB05D /* TwitchStreamVideo.swift in Sources */,
				090AB9021BA616A900CDB05D /* M3UParser.swift in Sources */,
				09E33CC91BB5B2DF000702E2 /* Dictionary.swift in Sources */,
				090AB9031BA616A900CDB05D /* AppDelegate.swift in Sources */,
				09D098251BA7666200E7E6FC /* StreamsViewController.swift in Sources */,
				090AB9041BA616A900CDB05D /* GamesViewController.swift in Sources */,
				B44A44671BC6CAB800F399EC /* ItemCellView.swift in Sources */,
				09D0982B1BA782C800E7E6FC /* VideoView.swift in Sources */,
				09CE59861BAF55BD0054EB71 /* TwitchChatMessage.swift in Sources */,
				09CE598C1BAF963C0054EB71 /* ConcurrencyHelpers.swift in Sources */,
			);
			runOnlyForDeploymentPostprocessing = 0;
		};
/* End PBXSourcesBuildPhase section */

/* Begin XCBuildConfiguration section */
		090AB8EB1BA5BFDF00CDB05D /* Debug */ = {
			isa = XCBuildConfiguration;
			buildSettings = {
				ALWAYS_SEARCH_USER_PATHS = NO;
				CLANG_CXX_LANGUAGE_STANDARD = "gnu++0x";
				CLANG_CXX_LIBRARY = "libc++";
				CLANG_ENABLE_MODULES = YES;
				CLANG_ENABLE_OBJC_ARC = YES;
				CLANG_WARN_BOOL_CONVERSION = YES;
				CLANG_WARN_CONSTANT_CONVERSION = YES;
				CLANG_WARN_DIRECT_OBJC_ISA_USAGE = YES_ERROR;
				CLANG_WARN_EMPTY_BODY = YES;
				CLANG_WARN_ENUM_CONVERSION = YES;
				CLANG_WARN_INT_CONVERSION = YES;
				CLANG_WARN_OBJC_ROOT_CLASS = YES_ERROR;
				CLANG_WARN_UNREACHABLE_CODE = YES;
				CLANG_WARN__DUPLICATE_METHOD_MATCH = YES;
				COPY_PHASE_STRIP = NO;
				DEBUG_INFORMATION_FORMAT = dwarf;
				ENABLE_STRICT_OBJC_MSGSEND = YES;
				ENABLE_TESTABILITY = YES;
				GCC_C_LANGUAGE_STANDARD = gnu99;
				GCC_DYNAMIC_NO_PIC = NO;
				GCC_NO_COMMON_BLOCKS = YES;
				GCC_OPTIMIZATION_LEVEL = 0;
				GCC_PREPROCESSOR_DEFINITIONS = (
					"DEBUG=1",
					"$(inherited)",
				);
				GCC_WARN_64_TO_32_BIT_CONVERSION = YES;
				GCC_WARN_ABOUT_RETURN_TYPE = YES_ERROR;
				GCC_WARN_UNDECLARED_SELECTOR = YES;
				GCC_WARN_UNINITIALIZED_AUTOS = YES_AGGRESSIVE;
				GCC_WARN_UNUSED_FUNCTION = YES;
				GCC_WARN_UNUSED_VARIABLE = YES;
				MTL_ENABLE_DEBUG_INFO = YES;
				ONLY_ACTIVE_ARCH = YES;
				SDKROOT = appletvos;
				SWIFT_OPTIMIZATION_LEVEL = "-Onone";
				TARGETED_DEVICE_FAMILY = 3;
				TVOS_DEPLOYMENT_TARGET = 9.0;
			};
			name = Debug;
		};
		090AB8EC1BA5BFDF00CDB05D /* Release */ = {
			isa = XCBuildConfiguration;
			buildSettings = {
				ALWAYS_SEARCH_USER_PATHS = NO;
				CLANG_CXX_LANGUAGE_STANDARD = "gnu++0x";
				CLANG_CXX_LIBRARY = "libc++";
				CLANG_ENABLE_MODULES = YES;
				CLANG_ENABLE_OBJC_ARC = YES;
				CLANG_WARN_BOOL_CONVERSION = YES;
				CLANG_WARN_CONSTANT_CONVERSION = YES;
				CLANG_WARN_DIRECT_OBJC_ISA_USAGE = YES_ERROR;
				CLANG_WARN_EMPTY_BODY = YES;
				CLANG_WARN_ENUM_CONVERSION = YES;
				CLANG_WARN_INT_CONVERSION = YES;
				CLANG_WARN_OBJC_ROOT_CLASS = YES_ERROR;
				CLANG_WARN_UNREACHABLE_CODE = YES;
				CLANG_WARN__DUPLICATE_METHOD_MATCH = YES;
				COPY_PHASE_STRIP = NO;
				DEBUG_INFORMATION_FORMAT = "dwarf-with-dsym";
				ENABLE_NS_ASSERTIONS = NO;
				ENABLE_STRICT_OBJC_MSGSEND = YES;
				GCC_C_LANGUAGE_STANDARD = gnu99;
				GCC_NO_COMMON_BLOCKS = YES;
				GCC_WARN_64_TO_32_BIT_CONVERSION = YES;
				GCC_WARN_ABOUT_RETURN_TYPE = YES_ERROR;
				GCC_WARN_UNDECLARED_SELECTOR = YES;
				GCC_WARN_UNINITIALIZED_AUTOS = YES_AGGRESSIVE;
				GCC_WARN_UNUSED_FUNCTION = YES;
				GCC_WARN_UNUSED_VARIABLE = YES;
				MTL_ENABLE_DEBUG_INFO = NO;
				SDKROOT = appletvos;
				TARGETED_DEVICE_FAMILY = 3;
				TVOS_DEPLOYMENT_TARGET = 9.0;
				VALIDATE_PRODUCT = YES;
			};
			name = Release;
		};
		090AB8EE1BA5BFDF00CDB05D /* Debug */ = {
			isa = XCBuildConfiguration;
			baseConfigurationReference = DC2A8ED48462858490AD4901 /* Pods-GamingStreamsTVApp.debug.xcconfig */;
			buildSettings = {
				ASSETCATALOG_COMPILER_APPICON_NAME = "App Icon & Top Shelf Image";
				ASSETCATALOG_COMPILER_LAUNCHIMAGE_NAME = LaunchImage;
				EMBEDDED_CONTENT_CONTAINS_SWIFT = "$(inherited)";
				INFOPLIST_FILE = GamingStreamsTVApp/Info.plist;
				LD_RUNPATH_SEARCH_PATHS = "$(inherited) @executable_path/Frameworks";
				PRODUCT_BUNDLE_IDENTIFIER = com.rivusmedia.GamingStreamsTVApp;
				PRODUCT_NAME = GamingStreamsTVApp;
			};
			name = Debug;
		};
		090AB8EF1BA5BFDF00CDB05D /* Release */ = {
			isa = XCBuildConfiguration;
			baseConfigurationReference = 90FBC40A14CD24160B58953A /* Pods-GamingStreamsTVApp.release.xcconfig */;
			buildSettings = {
				ASSETCATALOG_COMPILER_APPICON_NAME = "App Icon & Top Shelf Image";
				ASSETCATALOG_COMPILER_LAUNCHIMAGE_NAME = LaunchImage;
				EMBEDDED_CONTENT_CONTAINS_SWIFT = "$(inherited)";
				INFOPLIST_FILE = GamingStreamsTVApp/Info.plist;
				LD_RUNPATH_SEARCH_PATHS = "$(inherited) @executable_path/Frameworks";
				PRODUCT_BUNDLE_IDENTIFIER = com.rivusmedia.GamingStreamsTVApp;
				PRODUCT_NAME = GamingStreamsTVApp;
			};
			name = Release;
		};
/* End XCBuildConfiguration section */

/* Begin XCConfigurationList section */
		090AB8D91BA5BFDF00CDB05D /* Build configuration list for PBXProject "GamingStreamsTVApp" */ = {
			isa = XCConfigurationList;
			buildConfigurations = (
				090AB8EB1BA5BFDF00CDB05D /* Debug */,
				090AB8EC1BA5BFDF00CDB05D /* Release */,
			);
			defaultConfigurationIsVisible = 0;
			defaultConfigurationName = Release;
		};
		090AB8ED1BA5BFDF00CDB05D /* Build configuration list for PBXNativeTarget "GamingStreamsTVApp" */ = {
			isa = XCConfigurationList;
			buildConfigurations = (
				090AB8EE1BA5BFDF00CDB05D /* Debug */,
				090AB8EF1BA5BFDF00CDB05D /* Release */,
			);
			defaultConfigurationIsVisible = 0;
			defaultConfigurationName = Release;
		};
/* End XCConfigurationList section */
	};
	rootObject = 090AB8D61BA5BFDF00CDB05D /* Project object */;
}
