PODS:
  - Alamofire (3.1.1)
  - CocoaAsyncSocket (7.4.2)

DEPENDENCIES:
  - Alamofire (from `https://github.com/Alamofire/Alamofire.git`, branch `master`)
  - CocoaAsyncSocket (from `https://github.com/robbiehanson/CocoaAsyncSocket`, branch
    `master`)

EXTERNAL SOURCES:
  Alamofire:
    :branch: master
    :git: https://github.com/Alamofire/Alamofire.git
  CocoaAsyncSocket:
    :branch: master
    :git: https://github.com/robbiehanson/CocoaAsyncSocket

CHECKOUT OPTIONS:
  Alamofire:
    :commit: 2159ce3c9f64a39ade643ee6967e901d51797e96
    :git: https://github.com/Alamofire/Alamofire.git
  CocoaAsyncSocket:
    :commit: 6e018ddf7c456106f898efae66ea5e5c94737a96
    :git: https://github.com/robbiehanson/CocoaAsyncSocket

SPEC CHECKSUMS:
  Alamofire: 9b0a7188b961a03914a99304488bd226b0e46c0e
  CocoaAsyncSocket: 9a291421ca6c4e66ab063c19dbc7c22e911a0a68

COCOAPODS: 0.39.0
