// !$*UTF8*$!
{
	archiveVersion = 1;
	classes = {
	};
	objectVersion = 46;
	objects = {

/* Begin PBXBuildFile section */
		090AB8E91BA5BFDF00CDB05D /* Assets.xcassets in Resources */ = {isa = PBXBuildFile; fileRef = 090AB8E81BA5BFDF00CDB05D /* Assets.xcassets */; };
		090AB8FD1BA616A900CDB05D /* TwitchApi.swift in Sources */ = {isa = PBXBuildFile; fileRef = 090AB8F11BA5C80700CDB05D /* TwitchApi.swift */; };
		090AB8FE1BA616A900CDB05D /* TwitchGame.swift in Sources */ = {isa = PBXBuildFile; fileRef = 090AB8F71BA5F56900CDB05D /* TwitchGame.swift */; };
		090AB8FF1BA616A900CDB05D /* TwitchChannel.swift in Sources */ = {isa = PBXBuildFile; fileRef = 090AB8FB1BA6049000CDB05D /* TwitchChannel.swift */; };
		090AB9001BA616A900CDB05D /* TwitchStream.swift in Sources */ = {isa = PBXBuildFile; fileRef = 090AB8F91BA5FEB800CDB05D /* TwitchStream.swift */; };
		090AB9011BA616A900CDB05D /* TwitchStreamVideo.swift in Sources */ = {isa = PBXBuildFile; fileRef = 090AB8F51BA5DD6300CDB05D /* TwitchStreamVideo.swift */; };
		090AB9021BA616A900CDB05D /* M3UParser.swift in Sources */ = {isa = PBXBuildFile; fileRef = 090AB8F31BA5DA1400CDB05D /* M3UParser.swift */; };
		090AB9031BA616A900CDB05D /* AppDelegate.swift in Sources */ = {isa = PBXBuildFile; fileRef = 090AB8E11BA5BFDF00CDB05D /* AppDelegate.swift */; };
		090AB9041BA616A900CDB05D /* TwitchGamesViewController.swift in Sources */ = {isa = PBXBuildFile; fileRef = 090AB8E31BA5BFDF00CDB05D /* TwitchGamesViewController.swift */; };
		090AB9091BA8454500CDB05D /* TopBarView.swift in Sources */ = {isa = PBXBuildFile; fileRef = 090AB9081BA8454500CDB05D /* TopBarView.swift */; };
		090AB90D1BA9B0F100CDB05D /* LoadingView.swift in Sources */ = {isa = PBXBuildFile; fileRef = 090AB90C1BA9B0F100CDB05D /* LoadingView.swift */; };
		090AB90F1BA9BBE300CDB05D /* ErrorView.swift in Sources */ = {isa = PBXBuildFile; fileRef = 090AB90E1BA9BBE300CDB05D /* ErrorView.swift */; };
		090AB9221BB3699700CDB05D /* TwitchChatView.swift in Sources */ = {isa = PBXBuildFile; fileRef = 090AB9211BB3699700CDB05D /* TwitchChatView.swift */; };
		090AB9241BB36BC100CDB05D /* ChatMessageView.swift in Sources */ = {isa = PBXBuildFile; fileRef = 090AB9231BB36BC100CDB05D /* ChatMessageView.swift */; };
		090AB9271BB579A300CDB05D /* ModalMenuView.swift in Sources */ = {isa = PBXBuildFile; fileRef = 090AB9261BB579A300CDB05D /* ModalMenuView.swift */; };
		091277701BD461DF0003036D /* IRCMessage.swift in Sources */ = {isa = PBXBuildFile; fileRef = 0912776F1BD461DF0003036D /* IRCMessage.swift */; };
		091277721BD66C1C0003036D /* HitboxChatAPI.swift in Sources */ = {isa = PBXBuildFile; fileRef = 091277711BD66C1C0003036D /* HitboxChatAPI.swift */; };
		091277AF1BD6EABE0003036D /* HitboxChatCredentials.swift in Sources */ = {isa = PBXBuildFile; fileRef = 091277AE1BD6EABE0003036D /* HitboxChatCredentials.swift */; };
		091277B21BE13E350003036D /* Mixpanel.swift in Sources */ = {isa = PBXBuildFile; fileRef = 091277B11BE13E350003036D /* Mixpanel.swift */; };
		091277B61BE150B90003036D /* Event.swift in Sources */ = {isa = PBXBuildFile; fileRef = 091277B51BE150B90003036D /* Event.swift */; };
		091277B91BE180820003036D /* Logger.swift in Sources */ = {isa = PBXBuildFile; fileRef = 091277B81BE180820003036D /* Logger.swift */; };
		091277BB1BE187E10003036D /* NSDateFormatter.swift in Sources */ = {isa = PBXBuildFile; fileRef = 091277BA1BE187E10003036D /* NSDateFormatter.swift */; };
		09199A1D1BBAC67F00B10543 /* LoadingViewController.swift in Sources */ = {isa = PBXBuildFile; fileRef = 09199A1C1BBAC67F00B10543 /* LoadingViewController.swift */; };
		09CE59861BAF55BD0054EB71 /* TwitchChatMessage.swift in Sources */ = {isa = PBXBuildFile; fileRef = 09CE59851BAF55BD0054EB71 /* TwitchChatMessage.swift */; };
		09CE59881BAF55CE0054EB71 /* TwitchChatMessageQueue.swift in Sources */ = {isa = PBXBuildFile; fileRef = 09CE59871BAF55CE0054EB71 /* TwitchChatMessageQueue.swift */; };
		09CE598A1BAF5F870054EB71 /* Queue.swift in Sources */ = {isa = PBXBuildFile; fileRef = 09CE59891BAF5F870054EB71 /* Queue.swift */; };
		09CE598C1BAF963C0054EB71 /* ConcurrencyHelpers.swift in Sources */ = {isa = PBXBuildFile; fileRef = 09CE598B1BAF963C0054EB71 /* ConcurrencyHelpers.swift */; };
		09D098251BA7666200E7E6FC /* TwitchStreamsViewController.swift in Sources */ = {isa = PBXBuildFile; fileRef = 09D098241BA7666200E7E6FC /* TwitchStreamsViewController.swift */; };
		09D098291BA77FAB00E7E6FC /* TwitchVideoViewController.swift in Sources */ = {isa = PBXBuildFile; fileRef = 09D098281BA77FAB00E7E6FC /* TwitchVideoViewController.swift */; };
		09D0982B1BA782C800E7E6FC /* VideoView.swift in Sources */ = {isa = PBXBuildFile; fileRef = 09D0982A1BA782C800E7E6FC /* VideoView.swift */; };
		09D6E7E01BD2C38100E88371 /* TwitchChatMessageQueueTest.swift in Sources */ = {isa = PBXBuildFile; fileRef = 09D6E7DF1BD2C38100E88371 /* TwitchChatMessageQueueTest.swift */; };
		09D6E7E21BD2D25400E88371 /* IRCConnection.swift in Sources */ = {isa = PBXBuildFile; fileRef = 09D6E7E11BD2D25400E88371 /* IRCConnection.swift */; };
		09D6E7E41BD3065200E88371 /* NSData.swift in Sources */ = {isa = PBXBuildFile; fileRef = 09D6E7E31BD3065200E88371 /* NSData.swift */; };
		09D6E7E71BD30E7D00E88371 /* IRCCredentials.swift in Sources */ = {isa = PBXBuildFile; fileRef = 09D6E7E61BD30E7D00E88371 /* IRCCredentials.swift */; };
		09D6E7E91BD30F1800E88371 /* IRCCapabilities.swift in Sources */ = {isa = PBXBuildFile; fileRef = 09D6E7E81BD30F1800E88371 /* IRCCapabilities.swift */; };
		09D6E7ED1BD3FBCD00E88371 /* IRCConnectionDelegate.swift in Sources */ = {isa = PBXBuildFile; fileRef = 09D6E7EC1BD3FBCD00E88371 /* IRCConnectionDelegate.swift */; };
		09D6E7EF1BD3FD5100E88371 /* TwitchChatManager.swift in Sources */ = {isa = PBXBuildFile; fileRef = 09D6E7EE1BD3FD5100E88371 /* TwitchChatManager.swift */; };
		09D6E7F11BD400C000E88371 /* IRCEndpoint.swift in Sources */ = {isa = PBXBuildFile; fileRef = 09D6E7F01BD400C000E88371 /* IRCEndpoint.swift */; };
		09D6E7F31BD401E700E88371 /* ChatManagerConsumer.swift in Sources */ = {isa = PBXBuildFile; fileRef = 09D6E7F21BD401E700E88371 /* ChatManagerConsumer.swift */; };
		09E33CC91BB5B2DF000702E2 /* Dictionary.swift in Sources */ = {isa = PBXBuildFile; fileRef = 09E33CC81BB5B2DF000702E2 /* Dictionary.swift */; };
		09EB6D3E1BB484F7003EB244 /* String.swift in Sources */ = {isa = PBXBuildFile; fileRef = 09EB6D3D1BB484F7003EB244 /* String.swift */; };
		09F1060E1BD698F800DE0126 /* WebSocket.swift in Sources */ = {isa = PBXBuildFile; fileRef = 09F1060D1BD698F800DE0126 /* WebSocket.swift */; };
		09F106101BD6992200DE0126 /* SSLSecurity.swift in Sources */ = {isa = PBXBuildFile; fileRef = 09F1060F1BD6992200DE0126 /* SSLSecurity.swift */; };
		09F106131BD6A5CE00DE0126 /* HitboxChatManager.swift in Sources */ = {isa = PBXBuildFile; fileRef = 09F106121BD6A5CE00DE0126 /* HitboxChatManager.swift */; };
		09F106151BD6AD8700DE0126 /* HitboxChatMessageQueue.swift in Sources */ = {isa = PBXBuildFile; fileRef = 09F106141BD6AD8700DE0126 /* HitboxChatMessageQueue.swift */; };
		09F106181BD6B2AA00DE0126 /* SwiftyJSON.swift in Sources */ = {isa = PBXBuildFile; fileRef = 09F106171BD6B2AA00DE0126 /* SwiftyJSON.swift */; };
		09F1061A1BD7100C00DE0126 /* HitboxChatMessage.swift in Sources */ = {isa = PBXBuildFile; fileRef = 09F106191BD7100C00DE0126 /* HitboxChatMessage.swift */; };
		09F1061D1BD7151200DE0126 /* HitboxChatView.swift in Sources */ = {isa = PBXBuildFile; fileRef = 09F1061C1BD7151200DE0126 /* HitboxChatView.swift */; };
		4BEEBD5B591FC77E89DB2BB6 /* Pods_StreamCenter.framework in Frameworks */ = {isa = PBXBuildFile; fileRef = 8D759D9CCB31B3D0CB6FBDFC /* Pods_StreamCenter.framework */; };
		B44A44671BC6CAB800F399EC /* ItemCellView.swift in Sources */ = {isa = PBXBuildFile; fileRef = B44A44661BC6CAB800F399EC /* ItemCellView.swift */; };
		B4A2E6CD1BCFC84E0094AECA /* HitboxSearchResultsViewController.swift in Sources */ = {isa = PBXBuildFile; fileRef = B4A2E6CC1BCFC84E0094AECA /* HitboxSearchResultsViewController.swift */; };
		B4A2E6CF1BD01AEF0094AECA /* StreamCenterService.swift in Sources */ = {isa = PBXBuildFile; fileRef = B4A2E6CE1BD01AEF0094AECA /* StreamCenterService.swift */; };
		B4A67BBC1BCBDF8B003E3B6F /* UIColor.swift in Sources */ = {isa = PBXBuildFile; fileRef = B4A67BBB1BCBDF8B003E3B6F /* UIColor.swift */; };
		B4A67BBE1BCBE4CB003E3B6F /* TwitchSearchResultsViewController.swift in Sources */ = {isa = PBXBuildFile; fileRef = B4A67BBD1BCBE4CB003E3B6F /* TwitchSearchResultsViewController.swift */; };
		B4BDA2581BCD282C000DD1C8 /* ScrollingLabel.swift in Sources */ = {isa = PBXBuildFile; fileRef = B4BDA2571BCD282C000DD1C8 /* ScrollingLabel.swift */; };
		B4D15C7C1BCDCBA2006FFB5D /* QRCodeGenerator.swift in Sources */ = {isa = PBXBuildFile; fileRef = B4D15C7B1BCDCBA2006FFB5D /* QRCodeGenerator.swift */; };
		B4D15C7E1BCDCCB3006FFB5D /* QRCodeViewController.swift in Sources */ = {isa = PBXBuildFile; fileRef = B4D15C7D1BCDCCB3006FFB5D /* QRCodeViewController.swift */; };
		B4D15C801BCDD3E3006FFB5D /* TokenHelper.swift in Sources */ = {isa = PBXBuildFile; fileRef = B4D15C7F1BCDD3E3006FFB5D /* TokenHelper.swift */; };
		B4D15C821BCDFC6C006FFB5D /* Keychain.swift in Sources */ = {isa = PBXBuildFile; fileRef = B4D15C811BCDFC6C006FFB5D /* Keychain.swift */; };
		B4D3103B1BD154320091448F /* UIView.swift in Sources */ = {isa = PBXBuildFile; fileRef = B4D3103A1BD154320091448F /* UIView.swift */; };
		B4D88D2C1BCF35DD00C1DF87 /* HitboxGamesViewController.swift in Sources */ = {isa = PBXBuildFile; fileRef = B4D88D2B1BCF35DD00C1DF87 /* HitboxGamesViewController.swift */; };
		B4D88D2E1BCF35E500C1DF87 /* HitboxStreamsViewController.swift in Sources */ = {isa = PBXBuildFile; fileRef = B4D88D2D1BCF35E500C1DF87 /* HitboxStreamsViewController.swift */; };
		B4D88D321BCF35F100C1DF87 /* HitboxAPI.swift in Sources */ = {isa = PBXBuildFile; fileRef = B4D88D2F1BCF35F100C1DF87 /* HitboxAPI.swift */; };
		B4D88D331BCF35F100C1DF87 /* HitboxGame.swift in Sources */ = {isa = PBXBuildFile; fileRef = B4D88D301BCF35F100C1DF87 /* HitboxGame.swift */; };
		B4D88D341BCF35F100C1DF87 /* HitboxMedia.swift in Sources */ = {isa = PBXBuildFile; fileRef = B4D88D311BCF35F100C1DF87 /* HitboxMedia.swift */; };
		B4E75B1F1BD74E8F00C1E6BA /* ChatTopView.swift in Sources */ = {isa = PBXBuildFile; fileRef = B4E75B1E1BD74E8F00C1E6BA /* ChatTopView.swift */; };
		B4E9F7FA1BCF385A0026708F /* SourceTabController.swift in Sources */ = {isa = PBXBuildFile; fileRef = B4E9F7F91BCF385A0026708F /* SourceTabController.swift */; };
		B4E9F7FC1BCF600C0026708F /* HitboxVideoViewController.swift in Sources */ = {isa = PBXBuildFile; fileRef = B4E9F7FB1BCF600C0026708F /* HitboxVideoViewController.swift */; };
		B4E9F7FE1BCF6A770026708F /* HitboxStreamVideo.swift in Sources */ = {isa = PBXBuildFile; fileRef = B4E9F7FD1BCF6A770026708F /* HitboxStreamVideo.swift */; };
		B4E9F8001BCF83CC0026708F /* TwitchAuthViewController.swift in Sources */ = {isa = PBXBuildFile; fileRef = B4E9F7FF1BCF83CC0026708F /* TwitchAuthViewController.swift */; };
		B4FB52B21BCF282000C57B0B /* CustomVideoViewController.swift in Sources */ = {isa = PBXBuildFile; fileRef = B4FB52B11BCF282000C57B0B /* CustomVideoViewController.swift */; };
		B4FB52B41BCF2CC100C57B0B /* QRCustomVideoViewController.swift in Sources */ = {isa = PBXBuildFile; fileRef = B4FB52B31BCF2CC100C57B0B /* QRCustomVideoViewController.swift */; };
/* End PBXBuildFile section */

/* Begin PBXContainerItemProxy section */
		09D6E7D61BD2A3B300E88371 /* PBXContainerItemProxy */ = {
			isa = PBXContainerItemProxy;
			containerPortal = 090AB8D61BA5BFDF00CDB05D /* Project object */;
			proxyType = 1;
			remoteGlobalIDString = 090AB8DD1BA5BFDF00CDB05D;
			remoteInfo = GamingStreamsTVApp;
		};
/* End PBXContainerItemProxy section */

/* Begin PBXCopyFilesBuildPhase section */
		09CE597D1BADBBC70054EB71 /* Embed Frameworks */ = {
			isa = PBXCopyFilesBuildPhase;
			buildActionMask = 2147483647;
			dstPath = "";
			dstSubfolderSpec = 10;
			files = (
			);
			name = "Embed Frameworks";
			runOnlyForDeploymentPostprocessing = 0;
		};
/* End PBXCopyFilesBuildPhase section */

/* Begin PBXFileReference section */
		090AB8DE1BA5BFDF00CDB05D /* StreamCenter.app */ = {isa = PBXFileReference; explicitFileType = wrapper.application; includeInIndex = 0; path = StreamCenter.app; sourceTree = BUILT_PRODUCTS_DIR; };
		090AB8E11BA5BFDF00CDB05D /* AppDelegate.swift */ = {isa = PBXFileReference; lastKnownFileType = sourcecode.swift; path = AppDelegate.swift; sourceTree = "<group>"; };
		090AB8E31BA5BFDF00CDB05D /* TwitchGamesViewController.swift */ = {isa = PBXFileReference; lastKnownFileType = sourcecode.swift; path = TwitchGamesViewController.swift; sourceTree = "<group>"; };
		090AB8E81BA5BFDF00CDB05D /* Assets.xcassets */ = {isa = PBXFileReference; lastKnownFileType = folder.assetcatalog; path = Assets.xcassets; sourceTree = "<group>"; };
		090AB8EA1BA5BFDF00CDB05D /* Info.plist */ = {isa = PBXFileReference; lastKnownFileType = text.plist.xml; path = Info.plist; sourceTree = "<group>"; };
		090AB8F11BA5C80700CDB05D /* TwitchApi.swift */ = {isa = PBXFileReference; fileEncoding = 4; lastKnownFileType = sourcecode.swift; path = TwitchApi.swift; sourceTree = "<group>"; };
		090AB8F31BA5DA1400CDB05D /* M3UParser.swift */ = {isa = PBXFileReference; fileEncoding = 4; lastKnownFileType = sourcecode.swift; path = M3UParser.swift; sourceTree = "<group>"; };
		090AB8F51BA5DD6300CDB05D /* TwitchStreamVideo.swift */ = {isa = PBXFileReference; fileEncoding = 4; lastKnownFileType = sourcecode.swift; path = TwitchStreamVideo.swift; sourceTree = "<group>"; };
		090AB8F71BA5F56900CDB05D /* TwitchGame.swift */ = {isa = PBXFileReference; fileEncoding = 4; lastKnownFileType = sourcecode.swift; path = TwitchGame.swift; sourceTree = "<group>"; };
		090AB8F91BA5FEB800CDB05D /* TwitchStream.swift */ = {isa = PBXFileReference; fileEncoding = 4; lastKnownFileType = sourcecode.swift; path = TwitchStream.swift; sourceTree = "<group>"; };
		090AB8FB1BA6049000CDB05D /* TwitchChannel.swift */ = {isa = PBXFileReference; fileEncoding = 4; lastKnownFileType = sourcecode.swift; path = TwitchChannel.swift; sourceTree = "<group>"; };
		090AB9081BA8454500CDB05D /* TopBarView.swift */ = {isa = PBXFileReference; fileEncoding = 4; lastKnownFileType = sourcecode.swift; path = TopBarView.swift; sourceTree = "<group>"; };
		090AB90C1BA9B0F100CDB05D /* LoadingView.swift */ = {isa = PBXFileReference; fileEncoding = 4; lastKnownFileType = sourcecode.swift; path = LoadingView.swift; sourceTree = "<group>"; };
		090AB90E1BA9BBE300CDB05D /* ErrorView.swift */ = {isa = PBXFileReference; fileEncoding = 4; lastKnownFileType = sourcecode.swift; path = ErrorView.swift; sourceTree = "<group>"; };
		090AB9211BB3699700CDB05D /* TwitchChatView.swift */ = {isa = PBXFileReference; fileEncoding = 4; lastKnownFileType = sourcecode.swift; path = TwitchChatView.swift; sourceTree = "<group>"; };
		090AB9231BB36BC100CDB05D /* ChatMessageView.swift */ = {isa = PBXFileReference; fileEncoding = 4; lastKnownFileType = sourcecode.swift; path = ChatMessageView.swift; sourceTree = "<group>"; };
		090AB9261BB579A300CDB05D /* ModalMenuView.swift */ = {isa = PBXFileReference; fileEncoding = 4; lastKnownFileType = sourcecode.swift; path = ModalMenuView.swift; sourceTree = "<group>"; };
		0912776F1BD461DF0003036D /* IRCMessage.swift */ = {isa = PBXFileReference; fileEncoding = 4; lastKnownFileType = sourcecode.swift; path = IRCMessage.swift; sourceTree = "<group>"; };
		091277711BD66C1C0003036D /* HitboxChatAPI.swift */ = {isa = PBXFileReference; fileEncoding = 4; lastKnownFileType = sourcecode.swift; path = HitboxChatAPI.swift; sourceTree = "<group>"; };
		091277AE1BD6EABE0003036D /* HitboxChatCredentials.swift */ = {isa = PBXFileReference; fileEncoding = 4; lastKnownFileType = sourcecode.swift; path = HitboxChatCredentials.swift; sourceTree = "<group>"; };
		091277B11BE13E350003036D /* Mixpanel.swift */ = {isa = PBXFileReference; fileEncoding = 4; lastKnownFileType = sourcecode.swift; path = Mixpanel.swift; sourceTree = "<group>"; };
		091277B51BE150B90003036D /* Event.swift */ = {isa = PBXFileReference; fileEncoding = 4; lastKnownFileType = sourcecode.swift; path = Event.swift; sourceTree = "<group>"; };
		091277B81BE180820003036D /* Logger.swift */ = {isa = PBXFileReference; fileEncoding = 4; lastKnownFileType = sourcecode.swift; path = Logger.swift; sourceTree = "<group>"; };
		091277BA1BE187E10003036D /* NSDateFormatter.swift */ = {isa = PBXFileReference; fileEncoding = 4; lastKnownFileType = sourcecode.swift; path = NSDateFormatter.swift; sourceTree = "<group>"; };
		09199A1C1BBAC67F00B10543 /* LoadingViewController.swift */ = {isa = PBXFileReference; fileEncoding = 4; lastKnownFileType = sourcecode.swift; path = LoadingViewController.swift; sourceTree = "<group>"; };
		09CE59851BAF55BD0054EB71 /* TwitchChatMessage.swift */ = {isa = PBXFileReference; fileEncoding = 4; lastKnownFileType = sourcecode.swift; path = TwitchChatMessage.swift; sourceTree = "<group>"; };
		09CE59871BAF55CE0054EB71 /* TwitchChatMessageQueue.swift */ = {isa = PBXFileReference; fileEncoding = 4; lastKnownFileType = sourcecode.swift; path = TwitchChatMessageQueue.swift; sourceTree = "<group>"; };
		09CE59891BAF5F870054EB71 /* Queue.swift */ = {isa = PBXFileReference; fileEncoding = 4; lastKnownFileType = sourcecode.swift; path = Queue.swift; sourceTree = "<group>"; };
		09CE598B1BAF963C0054EB71 /* ConcurrencyHelpers.swift */ = {isa = PBXFileReference; fileEncoding = 4; lastKnownFileType = sourcecode.swift; path = ConcurrencyHelpers.swift; sourceTree = "<group>"; };
		09D098241BA7666200E7E6FC /* TwitchStreamsViewController.swift */ = {isa = PBXFileReference; fileEncoding = 4; lastKnownFileType = sourcecode.swift; path = TwitchStreamsViewController.swift; sourceTree = "<group>"; };
		09D098281BA77FAB00E7E6FC /* TwitchVideoViewController.swift */ = {isa = PBXFileReference; fileEncoding = 4; lastKnownFileType = sourcecode.swift; path = TwitchVideoViewController.swift; sourceTree = "<group>"; };
		09D0982A1BA782C800E7E6FC /* VideoView.swift */ = {isa = PBXFileReference; fileEncoding = 4; lastKnownFileType = sourcecode.swift; path = VideoView.swift; sourceTree = "<group>"; };
		09D6E7D11BD2A3B300E88371 /* StreamCenter.xctest */ = {isa = PBXFileReference; explicitFileType = wrapper.cfbundle; includeInIndex = 0; path = StreamCenter.xctest; sourceTree = BUILT_PRODUCTS_DIR; };
		09D6E7D51BD2A3B300E88371 /* Info.plist */ = {isa = PBXFileReference; lastKnownFileType = text.plist.xml; path = Info.plist; sourceTree = "<group>"; };
		09D6E7DE1BD2C38000E88371 /* GamingStreamsTVAppTests-Bridging-Header.h */ = {isa = PBXFileReference; lastKnownFileType = sourcecode.c.h; path = "GamingStreamsTVAppTests-Bridging-Header.h"; sourceTree = "<group>"; };
		09D6E7DF1BD2C38100E88371 /* TwitchChatMessageQueueTest.swift */ = {isa = PBXFileReference; fileEncoding = 4; lastKnownFileType = sourcecode.swift; path = TwitchChatMessageQueueTest.swift; sourceTree = "<group>"; };
		09D6E7E11BD2D25400E88371 /* IRCConnection.swift */ = {isa = PBXFileReference; fileEncoding = 4; lastKnownFileType = sourcecode.swift; path = IRCConnection.swift; sourceTree = "<group>"; };
		09D6E7E31BD3065200E88371 /* NSData.swift */ = {isa = PBXFileReference; fileEncoding = 4; lastKnownFileType = sourcecode.swift; path = NSData.swift; sourceTree = "<group>"; };
		09D6E7E61BD30E7D00E88371 /* IRCCredentials.swift */ = {isa = PBXFileReference; fileEncoding = 4; lastKnownFileType = sourcecode.swift; path = IRCCredentials.swift; sourceTree = "<group>"; };
		09D6E7E81BD30F1800E88371 /* IRCCapabilities.swift */ = {isa = PBXFileReference; fileEncoding = 4; lastKnownFileType = sourcecode.swift; path = IRCCapabilities.swift; sourceTree = "<group>"; };
		09D6E7EC1BD3FBCD00E88371 /* IRCConnectionDelegate.swift */ = {isa = PBXFileReference; fileEncoding = 4; lastKnownFileType = sourcecode.swift; path = IRCConnectionDelegate.swift; sourceTree = "<group>"; };
		09D6E7EE1BD3FD5100E88371 /* TwitchChatManager.swift */ = {isa = PBXFileReference; fileEncoding = 4; lastKnownFileType = sourcecode.swift; path = TwitchChatManager.swift; sourceTree = "<group>"; };
		09D6E7F01BD400C000E88371 /* IRCEndpoint.swift */ = {isa = PBXFileReference; fileEncoding = 4; lastKnownFileType = sourcecode.swift; path = IRCEndpoint.swift; sourceTree = "<group>"; };
		09D6E7F21BD401E700E88371 /* ChatManagerConsumer.swift */ = {isa = PBXFileReference; fileEncoding = 4; lastKnownFileType = sourcecode.swift; path = ChatManagerConsumer.swift; sourceTree = "<group>"; };
		09E33CC81BB5B2DF000702E2 /* Dictionary.swift */ = {isa = PBXFileReference; fileEncoding = 4; lastKnownFileType = sourcecode.swift; path = Dictionary.swift; sourceTree = "<group>"; };
		09EB6D3D1BB484F7003EB244 /* String.swift */ = {isa = PBXFileReference; fileEncoding = 4; lastKnownFileType = sourcecode.swift; path = String.swift; sourceTree = "<group>"; };
		09F1060D1BD698F800DE0126 /* WebSocket.swift */ = {isa = PBXFileReference; fileEncoding = 4; lastKnownFileType = sourcecode.swift; path = WebSocket.swift; sourceTree = "<group>"; };
		09F1060F1BD6992200DE0126 /* SSLSecurity.swift */ = {isa = PBXFileReference; fileEncoding = 4; lastKnownFileType = sourcecode.swift; path = SSLSecurity.swift; sourceTree = "<group>"; };
		09F106121BD6A5CE00DE0126 /* HitboxChatManager.swift */ = {isa = PBXFileReference; fileEncoding = 4; lastKnownFileType = sourcecode.swift; path = HitboxChatManager.swift; sourceTree = "<group>"; };
		09F106141BD6AD8700DE0126 /* HitboxChatMessageQueue.swift */ = {isa = PBXFileReference; fileEncoding = 4; lastKnownFileType = sourcecode.swift; path = HitboxChatMessageQueue.swift; sourceTree = "<group>"; };
		09F106171BD6B2AA00DE0126 /* SwiftyJSON.swift */ = {isa = PBXFileReference; fileEncoding = 4; lastKnownFileType = sourcecode.swift; path = SwiftyJSON.swift; sourceTree = "<group>"; };
		09F106191BD7100C00DE0126 /* HitboxChatMessage.swift */ = {isa = PBXFileReference; fileEncoding = 4; lastKnownFileType = sourcecode.swift; path = HitboxChatMessage.swift; sourceTree = "<group>"; };
		09F1061C1BD7151200DE0126 /* HitboxChatView.swift */ = {isa = PBXFileReference; fileEncoding = 4; lastKnownFileType = sourcecode.swift; path = HitboxChatView.swift; sourceTree = "<group>"; };
		219966A9FC46617C4FCA803A /* Pods-StreamCenter.release.xcconfig */ = {isa = PBXFileReference; includeInIndex = 1; lastKnownFileType = text.xcconfig; name = "Pods-StreamCenter.release.xcconfig"; path = "Pods/Target Support Files/Pods-StreamCenter/Pods-StreamCenter.release.xcconfig"; sourceTree = "<group>"; };
		73B61525F92468AED0A0EE8C /* Pods_GamingStreamsTVApp.framework */ = {isa = PBXFileReference; explicitFileType = wrapper.framework; includeInIndex = 0; path = Pods_GamingStreamsTVApp.framework; sourceTree = BUILT_PRODUCTS_DIR; };
		8D759D9CCB31B3D0CB6FBDFC /* Pods_StreamCenter.framework */ = {isa = PBXFileReference; explicitFileType = wrapper.framework; includeInIndex = 0; path = Pods_StreamCenter.framework; sourceTree = BUILT_PRODUCTS_DIR; };
		90FBC40A14CD24160B58953A /* Pods-GamingStreamsTVApp.release.xcconfig */ = {isa = PBXFileReference; includeInIndex = 1; lastKnownFileType = text.xcconfig; name = "Pods-GamingStreamsTVApp.release.xcconfig"; path = "Pods/Target Support Files/Pods-GamingStreamsTVApp/Pods-GamingStreamsTVApp.release.xcconfig"; sourceTree = "<group>"; };
		958817485498680245EAA7EE /* Pods-StreamCenter.debug.xcconfig */ = {isa = PBXFileReference; includeInIndex = 1; lastKnownFileType = text.xcconfig; name = "Pods-StreamCenter.debug.xcconfig"; path = "Pods/Target Support Files/Pods-StreamCenter/Pods-StreamCenter.debug.xcconfig"; sourceTree = "<group>"; };
		B44A44661BC6CAB800F399EC /* ItemCellView.swift */ = {isa = PBXFileReference; fileEncoding = 4; lastKnownFileType = sourcecode.swift; path = ItemCellView.swift; sourceTree = "<group>"; };
		B4A2E6CC1BCFC84E0094AECA /* HitboxSearchResultsViewController.swift */ = {isa = PBXFileReference; fileEncoding = 4; lastKnownFileType = sourcecode.swift; path = HitboxSearchResultsViewController.swift; sourceTree = "<group>"; };
		B4A2E6CE1BD01AEF0094AECA /* StreamCenterService.swift */ = {isa = PBXFileReference; fileEncoding = 4; lastKnownFileType = sourcecode.swift; path = StreamCenterService.swift; sourceTree = "<group>"; };
		B4A67BBB1BCBDF8B003E3B6F /* UIColor.swift */ = {isa = PBXFileReference; fileEncoding = 4; lastKnownFileType = sourcecode.swift; path = UIColor.swift; sourceTree = "<group>"; };
		B4A67BBD1BCBE4CB003E3B6F /* TwitchSearchResultsViewController.swift */ = {isa = PBXFileReference; fileEncoding = 4; lastKnownFileType = sourcecode.swift; path = TwitchSearchResultsViewController.swift; sourceTree = "<group>"; };
		B4BDA2571BCD282C000DD1C8 /* ScrollingLabel.swift */ = {isa = PBXFileReference; fileEncoding = 4; lastKnownFileType = sourcecode.swift; path = ScrollingLabel.swift; sourceTree = "<group>"; };
		B4D15C7B1BCDCBA2006FFB5D /* QRCodeGenerator.swift */ = {isa = PBXFileReference; fileEncoding = 4; lastKnownFileType = sourcecode.swift; path = QRCodeGenerator.swift; sourceTree = "<group>"; };
		B4D15C7D1BCDCCB3006FFB5D /* QRCodeViewController.swift */ = {isa = PBXFileReference; fileEncoding = 4; lastKnownFileType = sourcecode.swift; path = QRCodeViewController.swift; sourceTree = "<group>"; };
		B4D15C7F1BCDD3E3006FFB5D /* TokenHelper.swift */ = {isa = PBXFileReference; fileEncoding = 4; lastKnownFileType = sourcecode.swift; path = TokenHelper.swift; sourceTree = "<group>"; };
		B4D15C811BCDFC6C006FFB5D /* Keychain.swift */ = {isa = PBXFileReference; fileEncoding = 4; lastKnownFileType = sourcecode.swift; path = Keychain.swift; sourceTree = "<group>"; };
		B4D3103A1BD154320091448F /* UIView.swift */ = {isa = PBXFileReference; fileEncoding = 4; lastKnownFileType = sourcecode.swift; path = UIView.swift; sourceTree = "<group>"; };
		B4D88D2B1BCF35DD00C1DF87 /* HitboxGamesViewController.swift */ = {isa = PBXFileReference; fileEncoding = 4; lastKnownFileType = sourcecode.swift; path = HitboxGamesViewController.swift; sourceTree = "<group>"; };
		B4D88D2D1BCF35E500C1DF87 /* HitboxStreamsViewController.swift */ = {isa = PBXFileReference; fileEncoding = 4; lastKnownFileType = sourcecode.swift; path = HitboxStreamsViewController.swift; sourceTree = "<group>"; };
		B4D88D2F1BCF35F100C1DF87 /* HitboxAPI.swift */ = {isa = PBXFileReference; fileEncoding = 4; lastKnownFileType = sourcecode.swift; path = HitboxAPI.swift; sourceTree = "<group>"; };
		B4D88D301BCF35F100C1DF87 /* HitboxGame.swift */ = {isa = PBXFileReference; fileEncoding = 4; lastKnownFileType = sourcecode.swift; path = HitboxGame.swift; sourceTree = "<group>"; };
		B4D88D311BCF35F100C1DF87 /* HitboxMedia.swift */ = {isa = PBXFileReference; fileEncoding = 4; lastKnownFileType = sourcecode.swift; path = HitboxMedia.swift; sourceTree = "<group>"; };
		B4E75B1E1BD74E8F00C1E6BA /* ChatTopView.swift */ = {isa = PBXFileReference; fileEncoding = 4; lastKnownFileType = sourcecode.swift; path = ChatTopView.swift; sourceTree = "<group>"; };
		B4E9F7F91BCF385A0026708F /* SourceTabController.swift */ = {isa = PBXFileReference; fileEncoding = 4; lastKnownFileType = sourcecode.swift; path = SourceTabController.swift; sourceTree = "<group>"; };
		B4E9F7FB1BCF600C0026708F /* HitboxVideoViewController.swift */ = {isa = PBXFileReference; fileEncoding = 4; lastKnownFileType = sourcecode.swift; path = HitboxVideoViewController.swift; sourceTree = "<group>"; };
		B4E9F7FD1BCF6A770026708F /* HitboxStreamVideo.swift */ = {isa = PBXFileReference; fileEncoding = 4; lastKnownFileType = sourcecode.swift; path = HitboxStreamVideo.swift; sourceTree = "<group>"; };
		B4E9F7FF1BCF83CC0026708F /* TwitchAuthViewController.swift */ = {isa = PBXFileReference; fileEncoding = 4; lastKnownFileType = sourcecode.swift; path = TwitchAuthViewController.swift; sourceTree = "<group>"; };
		B4FB52B11BCF282000C57B0B /* CustomVideoViewController.swift */ = {isa = PBXFileReference; fileEncoding = 4; lastKnownFileType = sourcecode.swift; path = CustomVideoViewController.swift; sourceTree = "<group>"; };
		B4FB52B31BCF2CC100C57B0B /* QRCustomVideoViewController.swift */ = {isa = PBXFileReference; fileEncoding = 4; lastKnownFileType = sourcecode.swift; path = QRCustomVideoViewController.swift; sourceTree = "<group>"; };
		DC2A8ED48462858490AD4901 /* Pods-GamingStreamsTVApp.debug.xcconfig */ = {isa = PBXFileReference; includeInIndex = 1; lastKnownFileType = text.xcconfig; name = "Pods-GamingStreamsTVApp.debug.xcconfig"; path = "Pods/Target Support Files/Pods-GamingStreamsTVApp/Pods-GamingStreamsTVApp.debug.xcconfig"; sourceTree = "<group>"; };
/* End PBXFileReference section */

/* Begin PBXFrameworksBuildPhase section */
		090AB8DB1BA5BFDF00CDB05D /* Frameworks */ = {
			isa = PBXFrameworksBuildPhase;
			buildActionMask = 2147483647;
			files = (
				4BEEBD5B591FC77E89DB2BB6 /* Pods_StreamCenter.framework in Frameworks */,
			);
			runOnlyForDeploymentPostprocessing = 0;
		};
		09D6E7CE1BD2A3B300E88371 /* Frameworks */ = {
			isa = PBXFrameworksBuildPhase;
			buildActionMask = 2147483647;
			files = (
			);
			runOnlyForDeploymentPostprocessing = 0;
		};
/* End PBXFrameworksBuildPhase section */

/* Begin PBXGroup section */
		090AB8D51BA5BFDF00CDB05D = {
			isa = PBXGroup;
			children = (
				090AB8E01BA5BFDF00CDB05D /* StreamCenter */,
				09D6E7D21BD2A3B300E88371 /* StreamCenterTests */,
				090AB8DF1BA5BFDF00CDB05D /* Products */,
				F869E16742CCA364171847D9 /* Pods */,
				334A70E19B5807FD4AAD28B4 /* Frameworks */,
			);
			sourceTree = "<group>";
		};
		090AB8DF1BA5BFDF00CDB05D /* Products */ = {
			isa = PBXGroup;
			children = (
				090AB8DE1BA5BFDF00CDB05D /* StreamCenter.app */,
				09D6E7D11BD2A3B300E88371 /* StreamCenter.xctest */,
			);
			name = Products;
			sourceTree = "<group>";
		};
		090AB8E01BA5BFDF00CDB05D /* StreamCenter */ = {
			isa = PBXGroup;
			children = (
				09D098231BA7663A00E7E6FC /* ViewControllers */,
				090AB9051BA6366500CDB05D /* Views */,
				B4DFFA311BCCB21100D177AE /* HitboxAPI */,
				090AB8F01BA5C7EC00CDB05D /* TwitchAPI */,
				09CE59831BAE456D0054EB71 /* Helpers */,
				090AB8E11BA5BFDF00CDB05D /* AppDelegate.swift */,
				090AB8E81BA5BFDF00CDB05D /* Assets.xcassets */,
				090AB8EA1BA5BFDF00CDB05D /* Info.plist */,
			);
			path = StreamCenter;
			sourceTree = "<group>";
		};
		090AB8F01BA5C7EC00CDB05D /* TwitchAPI */ = {
			isa = PBXGroup;
			children = (
				090AB8F11BA5C80700CDB05D /* TwitchApi.swift */,
				090AB8F71BA5F56900CDB05D /* TwitchGame.swift */,
				090AB8FB1BA6049000CDB05D /* TwitchChannel.swift */,
				090AB8F91BA5FEB800CDB05D /* TwitchStream.swift */,
				090AB8F51BA5DD6300CDB05D /* TwitchStreamVideo.swift */,
				09CE59841BAF559D0054EB71 /* Chat */,
			);
			name = TwitchAPI;
			sourceTree = "<group>";
		};
		090AB9051BA6366500CDB05D /* Views */ = {
			isa = PBXGroup;
			children = (
				090AB9231BB36BC100CDB05D /* ChatMessageView.swift */,
				B44A44661BC6CAB800F399EC /* ItemCellView.swift */,
				09D0982A1BA782C800E7E6FC /* VideoView.swift */,
				090AB9081BA8454500CDB05D /* TopBarView.swift */,
				090AB90C1BA9B0F100CDB05D /* LoadingView.swift */,
				090AB90E1BA9BBE300CDB05D /* ErrorView.swift */,
				090AB9261BB579A300CDB05D /* ModalMenuView.swift */,
				B4BDA2571BCD282C000DD1C8 /* ScrollingLabel.swift */,
				B4E75B1E1BD74E8F00C1E6BA /* ChatTopView.swift */,
			);
			name = Views;
			sourceTree = "<group>";
		};
		090AB91A1BB3698800CDB05D /* Views */ = {
			isa = PBXGroup;
			children = (
				090AB9211BB3699700CDB05D /* TwitchChatView.swift */,
			);
			name = Views;
			sourceTree = "<group>";
		};
		091277B01BE13E270003036D /* Analytics */ = {
			isa = PBXGroup;
			children = (
				091277B11BE13E350003036D /* Mixpanel.swift */,
				091277B51BE150B90003036D /* Event.swift */,
			);
			name = Analytics;
			sourceTree = "<group>";
		};
		091277B71BE180770003036D /* Logging */ = {
			isa = PBXGroup;
			children = (
				091277B81BE180820003036D /* Logger.swift */,
			);
			name = Logging;
			sourceTree = "<group>";
		};
		09199A1B1BBABC9100B10543 /* Extensions */ = {
			isa = PBXGroup;
			children = (
				09EB6D3D1BB484F7003EB244 /* String.swift */,
				09E33CC81BB5B2DF000702E2 /* Dictionary.swift */,
				B4A67BBB1BCBDF8B003E3B6F /* UIColor.swift */,
				B4D3103A1BD154320091448F /* UIView.swift */,
				09D6E7E31BD3065200E88371 /* NSData.swift */,
				091277BA1BE187E10003036D /* NSDateFormatter.swift */,
			);
			name = Extensions;
			sourceTree = "<group>";
		};
		09199A1E1BBAD0D000B10543 /* Abstract */ = {
			isa = PBXGroup;
			children = (
				B4D15C7D1BCDCCB3006FFB5D /* QRCodeViewController.swift */,
				09199A1C1BBAC67F00B10543 /* LoadingViewController.swift */,
			);
			name = Abstract;
			sourceTree = "<group>";
		};
		09CE59831BAE456D0054EB71 /* Helpers */ = {
			isa = PBXGroup;
			children = (
				091277B71BE180770003036D /* Logging */,
				091277B01BE13E270003036D /* Analytics */,
				09F106161BD6B28E00DE0126 /* JSON */,
				09F1060C1BD6988600DE0126 /* Websockets */,
				09D6E7E51BD30E4100E88371 /* IRC */,
				B4A2E6CE1BD01AEF0094AECA /* StreamCenterService.swift */,
				09D6E7F21BD401E700E88371 /* ChatManagerConsumer.swift */,
				090AB8F31BA5DA1400CDB05D /* M3UParser.swift */,
				09CE59891BAF5F870054EB71 /* Queue.swift */,
				09CE598B1BAF963C0054EB71 /* ConcurrencyHelpers.swift */,
				B4D15C7B1BCDCBA2006FFB5D /* QRCodeGenerator.swift */,
				B4D15C7F1BCDD3E3006FFB5D /* TokenHelper.swift */,
				B4D15C811BCDFC6C006FFB5D /* Keychain.swift */,
				09199A1B1BBABC9100B10543 /* Extensions */,
			);
			name = Helpers;
			sourceTree = "<group>";
		};
		09CE59841BAF559D0054EB71 /* Chat */ = {
			isa = PBXGroup;
			children = (
				09D6E7EE1BD3FD5100E88371 /* TwitchChatManager.swift */,
				09CE59851BAF55BD0054EB71 /* TwitchChatMessage.swift */,
				09CE59871BAF55CE0054EB71 /* TwitchChatMessageQueue.swift */,
				090AB91A1BB3698800CDB05D /* Views */,
			);
			name = Chat;
			sourceTree = "<group>";
		};
		09D098231BA7663A00E7E6FC /* ViewControllers */ = {
			isa = PBXGroup;
			children = (
				B4E9F7F91BCF385A0026708F /* SourceTabController.swift */,
				B4542FE01BCD9BCE0099D14B /* Hitbox */,
				B4FB52AF1BCF27E600C57B0B /* Twitch */,
				B4FB52B01BCF280900C57B0B /* Custom */,
				09199A1E1BBAD0D000B10543 /* Abstract */,
			);
			name = ViewControllers;
			sourceTree = "<group>";
		};
		09D6E7D21BD2A3B300E88371 /* StreamCenterTests */ = {
			isa = PBXGroup;
			children = (
				09D6E7DC1BD2A3E700E88371 /* TwitchAPI */,
				09D6E7D51BD2A3B300E88371 /* Info.plist */,
			);
			path = StreamCenterTests;
			sourceTree = "<group>";
		};
		09D6E7DC1BD2A3E700E88371 /* TwitchAPI */ = {
			isa = PBXGroup;
			children = (
				09D6E7DD1BD2A3F100E88371 /* Chat */,
			);
			name = TwitchAPI;
			sourceTree = "<group>";
		};
		09D6E7DD1BD2A3F100E88371 /* Chat */ = {
			isa = PBXGroup;
			children = (
				09D6E7DF1BD2C38100E88371 /* TwitchChatMessageQueueTest.swift */,
				09D6E7DE1BD2C38000E88371 /* GamingStreamsTVAppTests-Bridging-Header.h */,
			);
			name = Chat;
			sourceTree = "<group>";
		};
		09D6E7E51BD30E4100E88371 /* IRC */ = {
			isa = PBXGroup;
			children = (
				09D6E7E11BD2D25400E88371 /* IRCConnection.swift */,
				09D6E7E61BD30E7D00E88371 /* IRCCredentials.swift */,
				09D6E7E81BD30F1800E88371 /* IRCCapabilities.swift */,
				09D6E7EC1BD3FBCD00E88371 /* IRCConnectionDelegate.swift */,
				09D6E7F01BD400C000E88371 /* IRCEndpoint.swift */,
				0912776F1BD461DF0003036D /* IRCMessage.swift */,
			);
			name = IRC;
			sourceTree = "<group>";
		};
		09F1060C1BD6988600DE0126 /* Websockets */ = {
			isa = PBXGroup;
			children = (
				09F1060D1BD698F800DE0126 /* WebSocket.swift */,
				09F1060F1BD6992200DE0126 /* SSLSecurity.swift */,
			);
			name = Websockets;
			sourceTree = "<group>";
		};
		09F106111BD6A5BF00DE0126 /* Chat */ = {
			isa = PBXGroup;
			children = (
				09F106121BD6A5CE00DE0126 /* HitboxChatManager.swift */,
				09F106141BD6AD8700DE0126 /* HitboxChatMessageQueue.swift */,
				091277AE1BD6EABE0003036D /* HitboxChatCredentials.swift */,
				09F106191BD7100C00DE0126 /* HitboxChatMessage.swift */,
				09F1061B1BD714F900DE0126 /* Views */,
			);
			name = Chat;
			sourceTree = "<group>";
		};
		09F106161BD6B28E00DE0126 /* JSON */ = {
			isa = PBXGroup;
			children = (
				09F106171BD6B2AA00DE0126 /* SwiftyJSON.swift */,
			);
			name = JSON;
			sourceTree = "<group>";
		};
		09F1061B1BD714F900DE0126 /* Views */ = {
			isa = PBXGroup;
			children = (
				09F1061C1BD7151200DE0126 /* HitboxChatView.swift */,
			);
			name = Views;
			sourceTree = "<group>";
		};
		334A70E19B5807FD4AAD28B4 /* Frameworks */ = {
			isa = PBXGroup;
			children = (
				73B61525F92468AED0A0EE8C /* Pods_GamingStreamsTVApp.framework */,
				8D759D9CCB31B3D0CB6FBDFC /* Pods_StreamCenter.framework */,
			);
			name = Frameworks;
			sourceTree = "<group>";
		};
		B4542FE01BCD9BCE0099D14B /* Hitbox */ = {
			isa = PBXGroup;
			children = (
				B4D88D2B1BCF35DD00C1DF87 /* HitboxGamesViewController.swift */,
				B4D88D2D1BCF35E500C1DF87 /* HitboxStreamsViewController.swift */,
				B4A2E6CC1BCFC84E0094AECA /* HitboxSearchResultsViewController.swift */,
				B4E9F7FB1BCF600C0026708F /* HitboxVideoViewController.swift */,
			);
			name = Hitbox;
			sourceTree = "<group>";
		};
		B4DFFA311BCCB21100D177AE /* HitboxAPI */ = {
			isa = PBXGroup;
			children = (
				091277711BD66C1C0003036D /* HitboxChatAPI.swift */,
				B4D88D2F1BCF35F100C1DF87 /* HitboxAPI.swift */,
				B4D88D301BCF35F100C1DF87 /* HitboxGame.swift */,
				B4D88D311BCF35F100C1DF87 /* HitboxMedia.swift */,
				B4E9F7FD1BCF6A770026708F /* HitboxStreamVideo.swift */,
				09F106111BD6A5BF00DE0126 /* Chat */,
			);
			name = HitboxAPI;
			sourceTree = "<group>";
		};
		B4FB52AF1BCF27E600C57B0B /* Twitch */ = {
			isa = PBXGroup;
			children = (
				090AB8E31BA5BFDF00CDB05D /* TwitchGamesViewController.swift */,
				09D098241BA7666200E7E6FC /* TwitchStreamsViewController.swift */,
				B4A67BBD1BCBE4CB003E3B6F /* TwitchSearchResultsViewController.swift */,
				09D098281BA77FAB00E7E6FC /* TwitchVideoViewController.swift */,
				B4E9F7FF1BCF83CC0026708F /* TwitchAuthViewController.swift */,
			);
			name = Twitch;
			sourceTree = "<group>";
		};
		B4FB52B01BCF280900C57B0B /* Custom */ = {
			isa = PBXGroup;
			children = (
				B4FB52B31BCF2CC100C57B0B /* QRCustomVideoViewController.swift */,
				B4FB52B11BCF282000C57B0B /* CustomVideoViewController.swift */,
			);
			name = Custom;
			sourceTree = "<group>";
		};
		F869E16742CCA364171847D9 /* Pods */ = {
			isa = PBXGroup;
			children = (
				DC2A8ED48462858490AD4901 /* Pods-GamingStreamsTVApp.debug.xcconfig */,
				90FBC40A14CD24160B58953A /* Pods-GamingStreamsTVApp.release.xcconfig */,
				958817485498680245EAA7EE /* Pods-StreamCenter.debug.xcconfig */,
				219966A9FC46617C4FCA803A /* Pods-StreamCenter.release.xcconfig */,
			);
			name = Pods;
			sourceTree = "<group>";
		};
/* End PBXGroup section */

/* Begin PBXNativeTarget section */
		090AB8DD1BA5BFDF00CDB05D /* StreamCenter */ = {
			isa = PBXNativeTarget;
			buildConfigurationList = 090AB8ED1BA5BFDF00CDB05D /* Build configuration list for PBXNativeTarget "StreamCenter" */;
			buildPhases = (
				39804CB7D1311A3FA2A181BA /* Check Pods Manifest.lock */,
				090AB8DA1BA5BFDF00CDB05D /* Sources */,
				090AB8DB1BA5BFDF00CDB05D /* Frameworks */,
				090AB8DC1BA5BFDF00CDB05D /* Resources */,
				09CE597D1BADBBC70054EB71 /* Embed Frameworks */,
				131F8F609B16A3B14577C607 /* Embed Pods Frameworks */,
				009BD9E886A883AA569B636A /* Copy Pods Resources */,
			);
			buildRules = (
			);
			dependencies = (
			);
			name = StreamCenter;
			productName = TestTVApp;
			productReference = 090AB8DE1BA5BFDF00CDB05D /* StreamCenter.app */;
			productType = "com.apple.product-type.application";
		};
		09D6E7D01BD2A3B300E88371 /* StreamCenterTests */ = {
			isa = PBXNativeTarget;
			buildConfigurationList = 09D6E7D81BD2A3B300E88371 /* Build configuration list for PBXNativeTarget "StreamCenterTests" */;
			buildPhases = (
				09D6E7CD1BD2A3B300E88371 /* Sources */,
				09D6E7CE1BD2A3B300E88371 /* Frameworks */,
				09D6E7CF1BD2A3B300E88371 /* Resources */,
			);
			buildRules = (
			);
			dependencies = (
				09D6E7D71BD2A3B300E88371 /* PBXTargetDependency */,
			);
			name = StreamCenterTests;
			productName = GamingStreamsTVAppTests;
			productReference = 09D6E7D11BD2A3B300E88371 /* StreamCenter.xctest */;
			productType = "com.apple.product-type.bundle.unit-test";
		};
/* End PBXNativeTarget section */

/* Begin PBXProject section */
		090AB8D61BA5BFDF00CDB05D /* Project object */ = {
			isa = PBXProject;
			attributes = {
				LastSwiftUpdateCheck = 0710;
				LastUpgradeCheck = 0710;
				ORGANIZATIONNAME = "Rivus Media Inc";
				TargetAttributes = {
					090AB8DD1BA5BFDF00CDB05D = {
						CreatedOnToolsVersion = 7.1;
						DevelopmentTeam = 82588XG69F;
					};
					09D6E7D01BD2A3B300E88371 = {
						CreatedOnToolsVersion = 7.1;
						TestTargetID = 090AB8DD1BA5BFDF00CDB05D;
					};
				};
			};
			buildConfigurationList = 090AB8D91BA5BFDF00CDB05D /* Build configuration list for PBXProject "StreamCenter" */;
			compatibilityVersion = "Xcode 3.2";
			developmentRegion = English;
			hasScannedForEncodings = 0;
			knownRegions = (
				en,
				Base,
			);
			mainGroup = 090AB8D51BA5BFDF00CDB05D;
			productRefGroup = 090AB8DF1BA5BFDF00CDB05D /* Products */;
			projectDirPath = "";
			projectRoot = "";
			targets = (
				090AB8DD1BA5BFDF00CDB05D /* StreamCenter */,
				09D6E7D01BD2A3B300E88371 /* StreamCenterTests */,
			);
		};
/* End PBXProject section */

/* Begin PBXResourcesBuildPhase section */
		090AB8DC1BA5BFDF00CDB05D /* Resources */ = {
			isa = PBXResourcesBuildPhase;
			buildActionMask = 2147483647;
			files = (
				090AB8E91BA5BFDF00CDB05D /* Assets.xcassets in Resources */,
			);
			runOnlyForDeploymentPostprocessing = 0;
		};
		09D6E7CF1BD2A3B300E88371 /* Resources */ = {
			isa = PBXResourcesBuildPhase;
			buildActionMask = 2147483647;
			files = (
			);
			runOnlyForDeploymentPostprocessing = 0;
		};
/* End PBXResourcesBuildPhase section */

/* Begin PBXShellScriptBuildPhase section */
		009BD9E886A883AA569B636A /* Copy Pods Resources */ = {
			isa = PBXShellScriptBuildPhase;
			buildActionMask = 2147483647;
			files = (
			);
			inputPaths = (
			);
			name = "Copy Pods Resources";
			outputPaths = (
			);
			runOnlyForDeploymentPostprocessing = 0;
			shellPath = /bin/sh;
			shellScript = "\"${SRCROOT}/Pods/Target Support Files/Pods-StreamCenter/Pods-StreamCenter-resources.sh\"\n";
			showEnvVarsInLog = 0;
		};
		131F8F609B16A3B14577C607 /* Embed Pods Frameworks */ = {
			isa = PBXShellScriptBuildPhase;
			buildActionMask = 2147483647;
			files = (
			);
			inputPaths = (
			);
			name = "Embed Pods Frameworks";
			outputPaths = (
			);
			runOnlyForDeploymentPostprocessing = 0;
			shellPath = /bin/sh;
			shellScript = "\"${SRCROOT}/Pods/Target Support Files/Pods-StreamCenter/Pods-StreamCenter-frameworks.sh\"\n";
			showEnvVarsInLog = 0;
		};
		39804CB7D1311A3FA2A181BA /* Check Pods Manifest.lock */ = {
			isa = PBXShellScriptBuildPhase;
			buildActionMask = 2147483647;
			files = (
			);
			inputPaths = (
			);
			name = "Check Pods Manifest.lock";
			outputPaths = (
			);
			runOnlyForDeploymentPostprocessing = 0;
			shellPath = /bin/sh;
			shellScript = "diff \"${PODS_ROOT}/../Podfile.lock\" \"${PODS_ROOT}/Manifest.lock\" > /dev/null\nif [[ $? != 0 ]] ; then\n    cat << EOM\nerror: The sandbox is not in sync with the Podfile.lock. Run 'pod install' or update your CocoaPods installation.\nEOM\n    exit 1\nfi\n";
			showEnvVarsInLog = 0;
		};
/* End PBXShellScriptBuildPhase section */

/* Begin PBXSourcesBuildPhase section */
		090AB8DA1BA5BFDF00CDB05D /* Sources */ = {
			isa = PBXSourcesBuildPhase;
			buildActionMask = 2147483647;
			files = (
				B4A2E6CD1BCFC84E0094AECA /* HitboxSearchResultsViewController.swift in Sources */,
				090AB8FD1BA616A900CDB05D /* TwitchApi.swift in Sources */,
				B4E9F8001BCF83CC0026708F /* TwitchAuthViewController.swift in Sources */,
				B4D3103B1BD154320091448F /* UIView.swift in Sources */,
				090AB8FE1BA616A900CDB05D /* TwitchGame.swift in Sources */,
				09D098291BA77FAB00E7E6FC /* TwitchVideoViewController.swift in Sources */,
				090AB9271BB579A300CDB05D /* ModalMenuView.swift in Sources */,
				09F106131BD6A5CE00DE0126 /* HitboxChatManager.swift in Sources */,
				B4A67BBC1BCBDF8B003E3B6F /* UIColor.swift in Sources */,
				091277B61BE150B90003036D /* Event.swift in Sources */,
				B4D88D331BCF35F100C1DF87 /* HitboxGame.swift in Sources */,
				B4BDA2581BCD282C000DD1C8 /* ScrollingLabel.swift in Sources */,
				091277701BD461DF0003036D /* IRCMessage.swift in Sources */,
				090AB8FF1BA616A900CDB05D /* TwitchChannel.swift in Sources */,
				B4FB52B41BCF2CC100C57B0B /* QRCustomVideoViewController.swift in Sources */,
				B4E9F7FE1BCF6A770026708F /* HitboxStreamVideo.swift in Sources */,
				09D6E7E91BD30F1800E88371 /* IRCCapabilities.swift in Sources */,
				09F1060E1BD698F800DE0126 /* WebSocket.swift in Sources */,
				090AB90F1BA9BBE300CDB05D /* ErrorView.swift in Sources */,
				090AB9091BA8454500CDB05D /* TopBarView.swift in Sources */,
				090AB90D1BA9B0F100CDB05D /* LoadingView.swift in Sources */,
				B4D88D2E1BCF35E500C1DF87 /* HitboxStreamsViewController.swift in Sources */,
				09F106151BD6AD8700DE0126 /* HitboxChatMessageQueue.swift in Sources */,
				B4D88D2C1BCF35DD00C1DF87 /* HitboxGamesViewController.swift in Sources */,
				09CE59881BAF55CE0054EB71 /* TwitchChatMessageQueue.swift in Sources */,
				090AB9241BB36BC100CDB05D /* ChatMessageView.swift in Sources */,
				090AB9001BA616A900CDB05D /* TwitchStream.swift in Sources */,
				B4E75B1F1BD74E8F00C1E6BA /* ChatTopView.swift in Sources */,
				09CE598A1BAF5F870054EB71 /* Queue.swift in Sources */,
				09EB6D3E1BB484F7003EB244 /* String.swift in Sources */,
				B4D88D321BCF35F100C1DF87 /* HitboxAPI.swift in Sources */,
				09D6E7ED1BD3FBCD00E88371 /* IRCConnectionDelegate.swift in Sources */,
				09D6E7F11BD400C000E88371 /* IRCEndpoint.swift in Sources */,
				09D6E7E71BD30E7D00E88371 /* IRCCredentials.swift in Sources */,
				09F106101BD6992200DE0126 /* SSLSecurity.swift in Sources */,
				091277BB1BE187E10003036D /* NSDateFormatter.swift in Sources */,
				09199A1D1BBAC67F00B10543 /* LoadingViewController.swift in Sources */,
				09D6E7E21BD2D25400E88371 /* IRCConnection.swift in Sources */,
				090AB9221BB3699700CDB05D /* TwitchChatView.swift in Sources */,
				09F1061A1BD7100C00DE0126 /* HitboxChatMessage.swift in Sources */,
				09F1061D1BD7151200DE0126 /* HitboxChatView.swift in Sources */,
				B4A67BBE1BCBE4CB003E3B6F /* TwitchSearchResultsViewController.swift in Sources */,
				09D6E7E41BD3065200E88371 /* NSData.swift in Sources */,
				091277721BD66C1C0003036D /* HitboxChatAPI.swift in Sources */,
				B4D15C7C1BCDCBA2006FFB5D /* QRCodeGenerator.swift in Sources */,
				090AB9011BA616A900CDB05D /* TwitchStreamVideo.swift in Sources */,
				090AB9021BA616A900CDB05D /* M3UParser.swift in Sources */,
				B4D15C7E1BCDCCB3006FFB5D /* QRCodeViewController.swift in Sources */,
				B4E9F7FC1BCF600C0026708F /* HitboxVideoViewController.swift in Sources */,
				09E33CC91BB5B2DF000702E2 /* Dictionary.swift in Sources */,
				090AB9031BA616A900CDB05D /* AppDelegate.swift in Sources */,
				B4FB52B21BCF282000C57B0B /* CustomVideoViewController.swift in Sources */,
				B4A2E6CF1BD01AEF0094AECA /* StreamCenterService.swift in Sources */,
				09F106181BD6B2AA00DE0126 /* SwiftyJSON.swift in Sources */,
				B4D15C801BCDD3E3006FFB5D /* TokenHelper.swift in Sources */,
				B4D88D341BCF35F100C1DF87 /* HitboxMedia.swift in Sources */,
				09D6E7F31BD401E700E88371 /* ChatManagerConsumer.swift in Sources */,
				091277B21BE13E350003036D /* Mixpanel.swift in Sources */,
				B4E9F7FA1BCF385A0026708F /* SourceTabController.swift in Sources */,
				09D6E7EF1BD3FD5100E88371 /* TwitchChatManager.swift in Sources */,
				091277B91BE180820003036D /* Logger.swift in Sources */,
				09D098251BA7666200E7E6FC /* TwitchStreamsViewController.swift in Sources */,
				090AB9041BA616A900CDB05D /* TwitchGamesViewController.swift in Sources */,
				091277AF1BD6EABE0003036D /* HitboxChatCredentials.swift in Sources */,
				B44A44671BC6CAB800F399EC /* ItemCellView.swift in Sources */,
				09D0982B1BA782C800E7E6FC /* VideoView.swift in Sources */,
				09CE59861BAF55BD0054EB71 /* TwitchChatMessage.swift in Sources */,
				09CE598C1BAF963C0054EB71 /* ConcurrencyHelpers.swift in Sources */,
				B4D15C821BCDFC6C006FFB5D /* Keychain.swift in Sources */,
			);
			runOnlyForDeploymentPostprocessing = 0;
		};
		09D6E7CD1BD2A3B300E88371 /* Sources */ = {
			isa = PBXSourcesBuildPhase;
			buildActionMask = 2147483647;
			files = (
				09D6E7E01BD2C38100E88371 /* TwitchChatMessageQueueTest.swift in Sources */,
			);
			runOnlyForDeploymentPostprocessing = 0;
		};
/* End PBXSourcesBuildPhase section */

/* Begin PBXTargetDependency section */
		09D6E7D71BD2A3B300E88371 /* PBXTargetDependency */ = {
			isa = PBXTargetDependency;
			target = 090AB8DD1BA5BFDF00CDB05D /* StreamCenter */;
			targetProxy = 09D6E7D61BD2A3B300E88371 /* PBXContainerItemProxy */;
		};
/* End PBXTargetDependency section */

/* Begin XCBuildConfiguration section */
		090AB8EB1BA5BFDF00CDB05D /* Debug */ = {
			isa = XCBuildConfiguration;
			buildSettings = {
				ALWAYS_SEARCH_USER_PATHS = NO;
				CLANG_CXX_LANGUAGE_STANDARD = "gnu++0x";
				CLANG_CXX_LIBRARY = "libc++";
				CLANG_ENABLE_MODULES = YES;
				CLANG_ENABLE_OBJC_ARC = YES;
				CLANG_WARN_BOOL_CONVERSION = YES;
				CLANG_WARN_CONSTANT_CONVERSION = YES;
				CLANG_WARN_DIRECT_OBJC_ISA_USAGE = YES_ERROR;
				CLANG_WARN_EMPTY_BODY = YES;
				CLANG_WARN_ENUM_CONVERSION = YES;
				CLANG_WARN_INT_CONVERSION = YES;
				CLANG_WARN_OBJC_ROOT_CLASS = YES_ERROR;
				CLANG_WARN_UNREACHABLE_CODE = YES;
				CLANG_WARN__DUPLICATE_METHOD_MATCH = YES;
				COPY_PHASE_STRIP = NO;
				DEBUG_INFORMATION_FORMAT = dwarf;
				ENABLE_STRICT_OBJC_MSGSEND = YES;
				ENABLE_TESTABILITY = YES;
				GCC_C_LANGUAGE_STANDARD = gnu99;
				GCC_DYNAMIC_NO_PIC = NO;
				GCC_NO_COMMON_BLOCKS = YES;
				GCC_OPTIMIZATION_LEVEL = 0;
				GCC_PREPROCESSOR_DEFINITIONS = (
					"DEBUG=1",
					"$(inherited)",
				);
				GCC_WARN_64_TO_32_BIT_CONVERSION = YES;
				GCC_WARN_ABOUT_RETURN_TYPE = YES_ERROR;
				GCC_WARN_UNDECLARED_SELECTOR = YES;
				GCC_WARN_UNINITIALIZED_AUTOS = YES_AGGRESSIVE;
				GCC_WARN_UNUSED_FUNCTION = YES;
				GCC_WARN_UNUSED_VARIABLE = YES;
				MTL_ENABLE_DEBUG_INFO = YES;
				ONLY_ACTIVE_ARCH = YES;
				SDKROOT = appletvos;
				SWIFT_OPTIMIZATION_LEVEL = "-Onone";
				TARGETED_DEVICE_FAMILY = 3;
				TVOS_DEPLOYMENT_TARGET = 9.0;
			};
			name = Debug;
		};
		090AB8EC1BA5BFDF00CDB05D /* Release */ = {
			isa = XCBuildConfiguration;
			buildSettings = {
				ALWAYS_SEARCH_USER_PATHS = NO;
				CLANG_CXX_LANGUAGE_STANDARD = "gnu++0x";
				CLANG_CXX_LIBRARY = "libc++";
				CLANG_ENABLE_MODULES = YES;
				CLANG_ENABLE_OBJC_ARC = YES;
				CLANG_WARN_BOOL_CONVERSION = YES;
				CLANG_WARN_CONSTANT_CONVERSION = YES;
				CLANG_WARN_DIRECT_OBJC_ISA_USAGE = YES_ERROR;
				CLANG_WARN_EMPTY_BODY = YES;
				CLANG_WARN_ENUM_CONVERSION = YES;
				CLANG_WARN_INT_CONVERSION = YES;
				CLANG_WARN_OBJC_ROOT_CLASS = YES_ERROR;
				CLANG_WARN_UNREACHABLE_CODE = YES;
				CLANG_WARN__DUPLICATE_METHOD_MATCH = YES;
				COPY_PHASE_STRIP = NO;
				DEBUG_INFORMATION_FORMAT = "dwarf-with-dsym";
				ENABLE_NS_ASSERTIONS = NO;
				ENABLE_STRICT_OBJC_MSGSEND = YES;
				GCC_C_LANGUAGE_STANDARD = gnu99;
				GCC_NO_COMMON_BLOCKS = YES;
				GCC_WARN_64_TO_32_BIT_CONVERSION = YES;
				GCC_WARN_ABOUT_RETURN_TYPE = YES_ERROR;
				GCC_WARN_UNDECLARED_SELECTOR = YES;
				GCC_WARN_UNINITIALIZED_AUTOS = YES_AGGRESSIVE;
				GCC_WARN_UNUSED_FUNCTION = YES;
				GCC_WARN_UNUSED_VARIABLE = YES;
				MTL_ENABLE_DEBUG_INFO = NO;
				SDKROOT = appletvos;
				TARGETED_DEVICE_FAMILY = 3;
				TVOS_DEPLOYMENT_TARGET = 9.0;
				VALIDATE_PRODUCT = YES;
			};
			name = Release;
		};
		090AB8EE1BA5BFDF00CDB05D /* Debug */ = {
			isa = XCBuildConfiguration;
			baseConfigurationReference = 958817485498680245EAA7EE /* Pods-StreamCenter.debug.xcconfig */;
			buildSettings = {
				ASSETCATALOG_COMPILER_APPICON_NAME = "App Icon & Top Shelf Image";
				ASSETCATALOG_COMPILER_LAUNCHIMAGE_NAME = LaunchImage;
				CODE_SIGN_IDENTITY = "iPhone Distribution: Olivier Boucher (82588XG69F)";
				EMBEDDED_CONTENT_CONTAINS_SWIFT = "$(inherited)";
				INFOPLIST_FILE = StreamCenter/Info.plist;
				LD_RUNPATH_SEARCH_PATHS = "$(inherited) @executable_path/Frameworks";
				PRODUCT_BUNDLE_IDENTIFIER = com.olivierboucher.scx;
				PRODUCT_NAME = StreamCenter;
				PROVISIONING_PROFILE = "9f02678d-0563-4a83-9a10-52919bdc427f";
			};
			name = Debug;
		};
		090AB8EF1BA5BFDF00CDB05D /* Release */ = {
			isa = XCBuildConfiguration;
			baseConfigurationReference = 219966A9FC46617C4FCA803A /* Pods-StreamCenter.release.xcconfig */;
			buildSettings = {
				ASSETCATALOG_COMPILER_APPICON_NAME = "App Icon & Top Shelf Image";
				ASSETCATALOG_COMPILER_LAUNCHIMAGE_NAME = LaunchImage;
				CODE_SIGN_IDENTITY = "iPhone Distribution: Olivier Boucher (82588XG69F)";
				EMBEDDED_CONTENT_CONTAINS_SWIFT = "$(inherited)";
				INFOPLIST_FILE = StreamCenter/Info.plist;
				LD_RUNPATH_SEARCH_PATHS = "$(inherited) @executable_path/Frameworks";
				ONLY_ACTIVE_ARCH = NO;
				PRODUCT_BUNDLE_IDENTIFIER = com.olivierboucher.scx;
				PRODUCT_NAME = StreamCenter;
				PROVISIONING_PROFILE = "9f02678d-0563-4a83-9a10-52919bdc427f";
			};
			name = Release;
		};
		09D6E7D91BD2A3B300E88371 /* Debug */ = {
			isa = XCBuildConfiguration;
			buildSettings = {
				BUNDLE_LOADER = "$(TEST_HOST)";
				CLANG_ENABLE_MODULES = YES;
				INFOPLIST_FILE = GamingStreamsTVAppTests/Info.plist;
				LD_RUNPATH_SEARCH_PATHS = "$(inherited) @executable_path/Frameworks @loader_path/Frameworks";
				PRODUCT_BUNDLE_IDENTIFIER = com.rivusmedia.GamingStreamsTVAppTests;
				PRODUCT_NAME = StreamCenter;
				SWIFT_OBJC_BRIDGING_HEADER = "GamingStreamsTVAppTests/GamingStreamsTVAppTests-Bridging-Header.h";
				SWIFT_OPTIMIZATION_LEVEL = "-Onone";
				TEST_HOST = "$(BUILT_PRODUCTS_DIR)/StreamCenter.app/StreamCenter";
			};
			name = Debug;
		};
		09D6E7DA1BD2A3B300E88371 /* Release */ = {
			isa = XCBuildConfiguration;
			buildSettings = {
				BUNDLE_LOADER = "$(TEST_HOST)";
				CLANG_ENABLE_MODULES = YES;
				INFOPLIST_FILE = GamingStreamsTVAppTests/Info.plist;
				LD_RUNPATH_SEARCH_PATHS = "$(inherited) @executable_path/Frameworks @loader_path/Frameworks";
				PRODUCT_BUNDLE_IDENTIFIER = com.rivusmedia.GamingStreamsTVAppTests;
				PRODUCT_NAME = StreamCenter;
				SWIFT_OBJC_BRIDGING_HEADER = "GamingStreamsTVAppTests/GamingStreamsTVAppTests-Bridging-Header.h";
				TEST_HOST = "$(BUILT_PRODUCTS_DIR)/StreamCenter.app/StreamCenter";
			};
			name = Release;
		};
/* End XCBuildConfiguration section */

/* Begin XCConfigurationList section */
		090AB8D91BA5BFDF00CDB05D /* Build configuration list for PBXProject "StreamCenter" */ = {
			isa = XCConfigurationList;
			buildConfigurations = (
				090AB8EB1BA5BFDF00CDB05D /* Debug */,
				090AB8EC1BA5BFDF00CDB05D /* Release */,
			);
			defaultConfigurationIsVisible = 0;
			defaultConfigurationName = Release;
		};
		090AB8ED1BA5BFDF00CDB05D /* Build configuration list for PBXNativeTarget "StreamCenter" */ = {
			isa = XCConfigurationList;
			buildConfigurations = (
				090AB8EE1BA5BFDF00CDB05D /* Debug */,
				090AB8EF1BA5BFDF00CDB05D /* Release */,
			);
			defaultConfigurationIsVisible = 0;
			defaultConfigurationName = Release;
		};
		09D6E7D81BD2A3B300E88371 /* Build configuration list for PBXNativeTarget "StreamCenterTests" */ = {
			isa = XCConfigurationList;
			buildConfigurations = (
				09D6E7D91BD2A3B300E88371 /* Debug */,
				09D6E7DA1BD2A3B300E88371 /* Release */,
			);
			defaultConfigurationIsVisible = 0;
			defaultConfigurationName = Release;
		};
/* End XCConfigurationList section */
	};
	rootObject = 090AB8D61BA5BFDF00CDB05D /* Project object */;
}
